// !$*UTF8*$!
{
   archiveVersion = "1";
   objectVersion = "46";
   objects = {
      "OBJ_1" = {
         isa = "PBXProject";
         attributes = {
            LastSwiftMigration = "9999";
            LastUpgradeCheck = "9999";
         };
         buildConfigurationList = "OBJ_2";
         compatibilityVersion = "Xcode 3.2";
         developmentRegion = "en";
         hasScannedForEncodings = "0";
         knownRegions = (
            "en"
         );
         mainGroup = "OBJ_5";
         productRefGroup = "OBJ_65";
         projectDirPath = ".";
         targets = (
            "swift-argument-parser::ArgumentParser",
            "Whodunnit::WhoFiles::ProductTarget",
            "Whodunnit::WhoFilesMain",
            "Whodunnit::Whodunnit::ProductTarget",
            "Whodunnit::WhodunnitLib",
            "Whodunnit::WhodunnitMain",
            "Whodunnit::SwiftPMPackageDescription",
            "Whodunnit::WhodunnitPackageTests::ProductTarget",
            "Whodunnit::WhodunnitTests",
            "swift-argument-parser::SwiftPMPackageDescription"
         );
      };
      "OBJ_10" = {
         isa = "PBXFileReference";
         path = "main.swift";
         sourceTree = "<group>";
      };
      "OBJ_100" = {
         isa = "PBXBuildFile";
         fileRef = "OBJ_48";
      };
      "OBJ_101" = {
         isa = "PBXBuildFile";
         fileRef = "OBJ_49";
      };
      "OBJ_102" = {
         isa = "PBXBuildFile";
         fileRef = "OBJ_50";
      };
      "OBJ_103" = {
         isa = "PBXBuildFile";
         fileRef = "OBJ_51";
      };
      "OBJ_104" = {
         isa = "PBXBuildFile";
         fileRef = "OBJ_52";
      };
      "OBJ_105" = {
         isa = "PBXBuildFile";
         fileRef = "OBJ_53";
      };
      "OBJ_106" = {
         isa = "PBXBuildFile";
         fileRef = "OBJ_54";
      };
      "OBJ_107" = {
         isa = "PBXBuildFile";
         fileRef = "OBJ_56";
      };
      "OBJ_108" = {
         isa = "PBXBuildFile";
         fileRef = "OBJ_57";
      };
      "OBJ_109" = {
         isa = "PBXBuildFile";
         fileRef = "OBJ_58";
      };
      "OBJ_11" = {
         isa = "PBXGroup";
         children = (
            "OBJ_12",
            "OBJ_13"
         );
         name = "WhodunnitLib";
         path = "Sources/Whodunnit";
         sourceTree = "SOURCE_ROOT";
      };
      "OBJ_110" = {
         isa = "PBXBuildFile";
         fileRef = "OBJ_59";
      };
      "OBJ_111" = {
         isa = "PBXBuildFile";
         fileRef = "OBJ_61";
      };
      "OBJ_112" = {
         isa = "PBXBuildFile";
         fileRef = "OBJ_62";
      };
      "OBJ_113" = {
         isa = "PBXBuildFile";
         fileRef = "OBJ_63";
      };
      "OBJ_114" = {
         isa = "PBXFrameworksBuildPhase";
         files = (
         );
      };
      "OBJ_116" = {
         isa = "XCConfigurationList";
         buildConfigurations = (
            "OBJ_117",
            "OBJ_118"
         );
         defaultConfigurationIsVisible = "0";
         defaultConfigurationName = "Release";
      };
      "OBJ_117" = {
         isa = "XCBuildConfiguration";
         buildSettings = {
         };
         name = "Debug";
      };
      "OBJ_118" = {
         isa = "XCBuildConfiguration";
         buildSettings = {
         };
         name = "Release";
      };
      "OBJ_119" = {
         isa = "PBXTargetDependency";
         target = "Whodunnit::WhoFilesMain";
      };
      "OBJ_12" = {
         isa = "PBXFileReference";
         path = "Exec.swift";
         sourceTree = "<group>";
      };
      "OBJ_121" = {
         isa = "XCConfigurationList";
         buildConfigurations = (
            "OBJ_122",
            "OBJ_123"
         );
         defaultConfigurationIsVisible = "0";
         defaultConfigurationName = "Release";
      };
      "OBJ_122" = {
         isa = "XCBuildConfiguration";
         buildSettings = {
            FRAMEWORK_SEARCH_PATHS = (
               "$(inherited)",
               "$(PLATFORM_DIR)/Developer/Library/Frameworks"
            );
            HEADER_SEARCH_PATHS = (
               "$(inherited)"
            );
            INFOPLIST_FILE = "Whodunnit.xcodeproj/WhoFilesMain_Info.plist";
            IPHONEOS_DEPLOYMENT_TARGET = "8.0";
            LD_RUNPATH_SEARCH_PATHS = (
               "$(inherited)",
               "$(TOOLCHAIN_DIR)/usr/lib/swift/macosx",
               "@executable_path"
            );
            MACOSX_DEPLOYMENT_TARGET = "10.15";
            OTHER_CFLAGS = (
               "$(inherited)"
            );
            OTHER_LDFLAGS = (
               "$(inherited)"
            );
            OTHER_SWIFT_FLAGS = (
               "$(inherited)"
            );
            SWIFT_ACTIVE_COMPILATION_CONDITIONS = (
               "$(inherited)"
            );
            SWIFT_FORCE_DYNAMIC_LINK_STDLIB = "YES";
            SWIFT_FORCE_STATIC_LINK_STDLIB = "NO";
            SWIFT_VERSION = "5.0";
            TARGET_NAME = "WhoFilesMain";
            TVOS_DEPLOYMENT_TARGET = "9.0";
            WATCHOS_DEPLOYMENT_TARGET = "2.0";
         };
         name = "Debug";
      };
      "OBJ_123" = {
         isa = "XCBuildConfiguration";
         buildSettings = {
            FRAMEWORK_SEARCH_PATHS = (
               "$(inherited)",
               "$(PLATFORM_DIR)/Developer/Library/Frameworks"
            );
            HEADER_SEARCH_PATHS = (
               "$(inherited)"
            );
            INFOPLIST_FILE = "Whodunnit.xcodeproj/WhoFilesMain_Info.plist";
            IPHONEOS_DEPLOYMENT_TARGET = "8.0";
            LD_RUNPATH_SEARCH_PATHS = (
               "$(inherited)",
               "$(TOOLCHAIN_DIR)/usr/lib/swift/macosx",
               "@executable_path"
            );
            MACOSX_DEPLOYMENT_TARGET = "10.15";
            OTHER_CFLAGS = (
               "$(inherited)"
            );
            OTHER_LDFLAGS = (
               "$(inherited)"
            );
            OTHER_SWIFT_FLAGS = (
               "$(inherited)"
            );
            SWIFT_ACTIVE_COMPILATION_CONDITIONS = (
               "$(inherited)"
            );
            SWIFT_FORCE_DYNAMIC_LINK_STDLIB = "YES";
            SWIFT_FORCE_STATIC_LINK_STDLIB = "NO";
            SWIFT_VERSION = "5.0";
            TARGET_NAME = "WhoFilesMain";
            TVOS_DEPLOYMENT_TARGET = "9.0";
            WATCHOS_DEPLOYMENT_TARGET = "2.0";
         };
         name = "Release";
      };
      "OBJ_124" = {
         isa = "PBXSourcesBuildPhase";
         files = (
            "OBJ_125",
            "OBJ_126"
         );
      };
      "OBJ_125" = {
         isa = "PBXBuildFile";
         fileRef = "OBJ_9";
      };
      "OBJ_126" = {
         isa = "PBXBuildFile";
         fileRef = "OBJ_10";
      };
      "OBJ_127" = {
         isa = "PBXFrameworksBuildPhase";
         files = (
            "OBJ_128",
            "OBJ_129"
         );
      };
      "OBJ_128" = {
         isa = "PBXBuildFile";
         fileRef = "swift-argument-parser::ArgumentParser::Product";
      };
      "OBJ_129" = {
         isa = "PBXBuildFile";
         fileRef = "Whodunnit::WhodunnitLib::Product";
      };
      "OBJ_13" = {
         isa = "PBXFileReference";
         path = "FileFilter.swift";
         sourceTree = "<group>";
      };
      "OBJ_130" = {
         isa = "PBXTargetDependency";
         target = "swift-argument-parser::ArgumentParser";
      };
      "OBJ_131" = {
         isa = "PBXTargetDependency";
         target = "Whodunnit::WhodunnitLib";
      };
      "OBJ_134" = {
         isa = "XCConfigurationList";
         buildConfigurations = (
            "OBJ_135",
            "OBJ_136"
         );
         defaultConfigurationIsVisible = "0";
         defaultConfigurationName = "Release";
      };
      "OBJ_135" = {
         isa = "XCBuildConfiguration";
         buildSettings = {
         };
         name = "Debug";
      };
      "OBJ_136" = {
         isa = "XCBuildConfiguration";
         buildSettings = {
         };
         name = "Release";
      };
      "OBJ_137" = {
         isa = "PBXTargetDependency";
         target = "Whodunnit::WhodunnitMain";
      };
      "OBJ_139" = {
         isa = "XCConfigurationList";
         buildConfigurations = (
            "OBJ_140",
            "OBJ_141"
         );
         defaultConfigurationIsVisible = "0";
         defaultConfigurationName = "Release";
      };
      "OBJ_14" = {
         isa = "PBXGroup";
         children = (
            "OBJ_15",
            "OBJ_16"
         );
         name = "WhodunnitMain";
         path = "Sources/WhodunnitMain";
         sourceTree = "SOURCE_ROOT";
      };
      "OBJ_140" = {
         isa = "XCBuildConfiguration";
         buildSettings = {
            ENABLE_TESTABILITY = "YES";
            FRAMEWORK_SEARCH_PATHS = (
               "$(inherited)",
               "$(PLATFORM_DIR)/Developer/Library/Frameworks"
            );
            HEADER_SEARCH_PATHS = (
               "$(inherited)"
            );
            INFOPLIST_FILE = "Whodunnit.xcodeproj/WhodunnitLib_Info.plist";
            IPHONEOS_DEPLOYMENT_TARGET = "8.0";
            LD_RUNPATH_SEARCH_PATHS = (
               "$(inherited)",
               "$(TOOLCHAIN_DIR)/usr/lib/swift/macosx"
            );
            MACOSX_DEPLOYMENT_TARGET = "10.15";
            OTHER_CFLAGS = (
               "$(inherited)"
            );
            OTHER_LDFLAGS = (
               "$(inherited)"
            );
            OTHER_SWIFT_FLAGS = (
               "$(inherited)"
            );
            PRODUCT_BUNDLE_IDENTIFIER = "WhodunnitLib";
            PRODUCT_MODULE_NAME = "$(TARGET_NAME:c99extidentifier)";
            PRODUCT_NAME = "$(TARGET_NAME:c99extidentifier)";
            SKIP_INSTALL = "YES";
            SWIFT_ACTIVE_COMPILATION_CONDITIONS = (
               "$(inherited)"
            );
            SWIFT_VERSION = "5.0";
            TARGET_NAME = "WhodunnitLib";
            TVOS_DEPLOYMENT_TARGET = "9.0";
            WATCHOS_DEPLOYMENT_TARGET = "2.0";
         };
         name = "Debug";
      };
      "OBJ_141" = {
         isa = "XCBuildConfiguration";
         buildSettings = {
            ENABLE_TESTABILITY = "YES";
            FRAMEWORK_SEARCH_PATHS = (
               "$(inherited)",
               "$(PLATFORM_DIR)/Developer/Library/Frameworks"
            );
            HEADER_SEARCH_PATHS = (
               "$(inherited)"
            );
            INFOPLIST_FILE = "Whodunnit.xcodeproj/WhodunnitLib_Info.plist";
            IPHONEOS_DEPLOYMENT_TARGET = "8.0";
            LD_RUNPATH_SEARCH_PATHS = (
               "$(inherited)",
               "$(TOOLCHAIN_DIR)/usr/lib/swift/macosx"
            );
            MACOSX_DEPLOYMENT_TARGET = "10.15";
            OTHER_CFLAGS = (
               "$(inherited)"
            );
            OTHER_LDFLAGS = (
               "$(inherited)"
            );
            OTHER_SWIFT_FLAGS = (
               "$(inherited)"
            );
            PRODUCT_BUNDLE_IDENTIFIER = "WhodunnitLib";
            PRODUCT_MODULE_NAME = "$(TARGET_NAME:c99extidentifier)";
            PRODUCT_NAME = "$(TARGET_NAME:c99extidentifier)";
            SKIP_INSTALL = "YES";
            SWIFT_ACTIVE_COMPILATION_CONDITIONS = (
               "$(inherited)"
            );
            SWIFT_VERSION = "5.0";
            TARGET_NAME = "WhodunnitLib";
            TVOS_DEPLOYMENT_TARGET = "9.0";
            WATCHOS_DEPLOYMENT_TARGET = "2.0";
         };
         name = "Release";
      };
      "OBJ_142" = {
         isa = "PBXSourcesBuildPhase";
         files = (
            "OBJ_143",
            "OBJ_144"
         );
      };
      "OBJ_143" = {
         isa = "PBXBuildFile";
         fileRef = "OBJ_12";
      };
      "OBJ_144" = {
         isa = "PBXBuildFile";
         fileRef = "OBJ_13";
      };
      "OBJ_145" = {
         isa = "PBXFrameworksBuildPhase";
         files = (
         );
      };
      "OBJ_146" = {
         isa = "XCConfigurationList";
         buildConfigurations = (
            "OBJ_147",
            "OBJ_148"
         );
         defaultConfigurationIsVisible = "0";
         defaultConfigurationName = "Release";
      };
      "OBJ_147" = {
         isa = "XCBuildConfiguration";
         buildSettings = {
            FRAMEWORK_SEARCH_PATHS = (
               "$(inherited)",
               "$(PLATFORM_DIR)/Developer/Library/Frameworks"
            );
            HEADER_SEARCH_PATHS = (
               "$(inherited)"
            );
            INFOPLIST_FILE = "Whodunnit.xcodeproj/WhodunnitMain_Info.plist";
            IPHONEOS_DEPLOYMENT_TARGET = "8.0";
            LD_RUNPATH_SEARCH_PATHS = (
               "$(inherited)",
               "$(TOOLCHAIN_DIR)/usr/lib/swift/macosx",
               "@executable_path"
            );
            MACOSX_DEPLOYMENT_TARGET = "10.15";
            OTHER_CFLAGS = (
               "$(inherited)"
            );
            OTHER_LDFLAGS = (
               "$(inherited)"
            );
            OTHER_SWIFT_FLAGS = (
               "$(inherited)"
            );
            SWIFT_ACTIVE_COMPILATION_CONDITIONS = (
               "$(inherited)"
            );
            SWIFT_FORCE_DYNAMIC_LINK_STDLIB = "YES";
            SWIFT_FORCE_STATIC_LINK_STDLIB = "NO";
            SWIFT_VERSION = "5.0";
            TARGET_NAME = "WhodunnitMain";
            TVOS_DEPLOYMENT_TARGET = "9.0";
            WATCHOS_DEPLOYMENT_TARGET = "2.0";
         };
         name = "Debug";
      };
      "OBJ_148" = {
         isa = "XCBuildConfiguration";
         buildSettings = {
            FRAMEWORK_SEARCH_PATHS = (
               "$(inherited)",
               "$(PLATFORM_DIR)/Developer/Library/Frameworks"
            );
            HEADER_SEARCH_PATHS = (
               "$(inherited)"
            );
            INFOPLIST_FILE = "Whodunnit.xcodeproj/WhodunnitMain_Info.plist";
            IPHONEOS_DEPLOYMENT_TARGET = "8.0";
            LD_RUNPATH_SEARCH_PATHS = (
               "$(inherited)",
               "$(TOOLCHAIN_DIR)/usr/lib/swift/macosx",
               "@executable_path"
            );
            MACOSX_DEPLOYMENT_TARGET = "10.15";
            OTHER_CFLAGS = (
               "$(inherited)"
            );
            OTHER_LDFLAGS = (
               "$(inherited)"
            );
            OTHER_SWIFT_FLAGS = (
               "$(inherited)"
            );
            SWIFT_ACTIVE_COMPILATION_CONDITIONS = (
               "$(inherited)"
            );
            SWIFT_FORCE_DYNAMIC_LINK_STDLIB = "YES";
            SWIFT_FORCE_STATIC_LINK_STDLIB = "NO";
            SWIFT_VERSION = "5.0";
            TARGET_NAME = "WhodunnitMain";
            TVOS_DEPLOYMENT_TARGET = "9.0";
            WATCHOS_DEPLOYMENT_TARGET = "2.0";
         };
         name = "Release";
      };
      "OBJ_149" = {
         isa = "PBXSourcesBuildPhase";
         files = (
            "OBJ_150",
            "OBJ_151"
         );
      };
      "OBJ_15" = {
         isa = "PBXFileReference";
         path = "BlamerParser.swift";
         sourceTree = "<group>";
      };
      "OBJ_150" = {
         isa = "PBXBuildFile";
         fileRef = "OBJ_15";
      };
      "OBJ_151" = {
         isa = "PBXBuildFile";
         fileRef = "OBJ_16";
      };
      "OBJ_152" = {
         isa = "PBXFrameworksBuildPhase";
         files = (
            "OBJ_153",
            "OBJ_154"
         );
      };
      "OBJ_153" = {
         isa = "PBXBuildFile";
         fileRef = "swift-argument-parser::ArgumentParser::Product";
      };
      "OBJ_154" = {
         isa = "PBXBuildFile";
         fileRef = "Whodunnit::WhodunnitLib::Product";
      };
      "OBJ_155" = {
         isa = "PBXTargetDependency";
         target = "swift-argument-parser::ArgumentParser";
      };
      "OBJ_156" = {
         isa = "PBXTargetDependency";
         target = "Whodunnit::WhodunnitLib";
      };
      "OBJ_158" = {
         isa = "XCConfigurationList";
         buildConfigurations = (
            "OBJ_159",
            "OBJ_160"
         );
         defaultConfigurationIsVisible = "0";
         defaultConfigurationName = "Release";
      };
      "OBJ_159" = {
         isa = "XCBuildConfiguration";
         buildSettings = {
            LD = "/usr/bin/true";
            OTHER_SWIFT_FLAGS = (
               "-swift-version",
               "5",
               "-I",
               "$(TOOLCHAIN_DIR)/usr/lib/swift/pm/4_2",
               "-target",
               "x86_64-apple-macosx10.10",
               "-sdk",
               "/Applications/Xcode.app/Contents/Developer/Platforms/MacOSX.platform/Developer/SDKs/MacOSX10.15.sdk",
               "-package-description-version",
               "5.1.0"
            );
            SWIFT_VERSION = "5.0";
         };
         name = "Debug";
      };
      "OBJ_16" = {
         isa = "PBXFileReference";
         path = "main.swift";
         sourceTree = "<group>";
      };
      "OBJ_160" = {
         isa = "XCBuildConfiguration";
         buildSettings = {
            LD = "/usr/bin/true";
            OTHER_SWIFT_FLAGS = (
               "-swift-version",
               "5",
               "-I",
               "$(TOOLCHAIN_DIR)/usr/lib/swift/pm/4_2",
               "-target",
               "x86_64-apple-macosx10.10",
               "-sdk",
               "/Applications/Xcode.app/Contents/Developer/Platforms/MacOSX.platform/Developer/SDKs/MacOSX10.15.sdk",
               "-package-description-version",
               "5.1.0"
            );
            SWIFT_VERSION = "5.0";
         };
         name = "Release";
      };
      "OBJ_161" = {
         isa = "PBXSourcesBuildPhase";
         files = (
            "OBJ_162"
         );
      };
      "OBJ_162" = {
         isa = "PBXBuildFile";
         fileRef = "OBJ_6";
      };
      "OBJ_164" = {
         isa = "XCConfigurationList";
         buildConfigurations = (
            "OBJ_165",
            "OBJ_166"
         );
         defaultConfigurationIsVisible = "0";
         defaultConfigurationName = "Release";
      };
      "OBJ_165" = {
         isa = "XCBuildConfiguration";
         buildSettings = {
         };
         name = "Debug";
      };
      "OBJ_166" = {
         isa = "XCBuildConfiguration";
         buildSettings = {
         };
         name = "Release";
      };
      "OBJ_167" = {
         isa = "PBXTargetDependency";
         target = "Whodunnit::WhodunnitTests";
      };
      "OBJ_169" = {
         isa = "XCConfigurationList";
         buildConfigurations = (
            "OBJ_170",
            "OBJ_171"
         );
         defaultConfigurationIsVisible = "0";
         defaultConfigurationName = "Release";
      };
      "OBJ_17" = {
         isa = "PBXGroup";
         children = (
            "OBJ_18"
         );
         name = "Tests";
         path = "";
         sourceTree = "SOURCE_ROOT";
      };
      "OBJ_170" = {
         isa = "XCBuildConfiguration";
         buildSettings = {
            CLANG_ENABLE_MODULES = "YES";
            EMBEDDED_CONTENT_CONTAINS_SWIFT = "YES";
            FRAMEWORK_SEARCH_PATHS = (
               "$(inherited)",
               "$(PLATFORM_DIR)/Developer/Library/Frameworks"
            );
            HEADER_SEARCH_PATHS = (
               "$(inherited)"
            );
            INFOPLIST_FILE = "Whodunnit.xcodeproj/WhodunnitTests_Info.plist";
            IPHONEOS_DEPLOYMENT_TARGET = "8.0";
            LD_RUNPATH_SEARCH_PATHS = (
               "$(inherited)",
               "@loader_path/../Frameworks",
               "@loader_path/Frameworks"
            );
            MACOSX_DEPLOYMENT_TARGET = "10.15";
            OTHER_CFLAGS = (
               "$(inherited)"
            );
            OTHER_LDFLAGS = (
               "$(inherited)"
            );
            OTHER_SWIFT_FLAGS = (
               "$(inherited)"
            );
            SWIFT_ACTIVE_COMPILATION_CONDITIONS = (
               "$(inherited)"
            );
            SWIFT_VERSION = "5.0";
            TARGET_NAME = "WhodunnitTests";
            TVOS_DEPLOYMENT_TARGET = "9.0";
            WATCHOS_DEPLOYMENT_TARGET = "2.0";
         };
         name = "Debug";
      };
      "OBJ_171" = {
         isa = "XCBuildConfiguration";
         buildSettings = {
            CLANG_ENABLE_MODULES = "YES";
            EMBEDDED_CONTENT_CONTAINS_SWIFT = "YES";
            FRAMEWORK_SEARCH_PATHS = (
               "$(inherited)",
               "$(PLATFORM_DIR)/Developer/Library/Frameworks"
            );
            HEADER_SEARCH_PATHS = (
               "$(inherited)"
            );
            INFOPLIST_FILE = "Whodunnit.xcodeproj/WhodunnitTests_Info.plist";
            IPHONEOS_DEPLOYMENT_TARGET = "8.0";
            LD_RUNPATH_SEARCH_PATHS = (
               "$(inherited)",
               "@loader_path/../Frameworks",
               "@loader_path/Frameworks"
            );
            MACOSX_DEPLOYMENT_TARGET = "10.15";
            OTHER_CFLAGS = (
               "$(inherited)"
            );
            OTHER_LDFLAGS = (
               "$(inherited)"
            );
            OTHER_SWIFT_FLAGS = (
               "$(inherited)"
            );
            SWIFT_ACTIVE_COMPILATION_CONDITIONS = (
               "$(inherited)"
            );
            SWIFT_VERSION = "5.0";
            TARGET_NAME = "WhodunnitTests";
            TVOS_DEPLOYMENT_TARGET = "9.0";
            WATCHOS_DEPLOYMENT_TARGET = "2.0";
         };
         name = "Release";
      };
      "OBJ_172" = {
         isa = "PBXSourcesBuildPhase";
         files = (
            "OBJ_173"
         );
      };
      "OBJ_173" = {
         isa = "PBXBuildFile";
         fileRef = "OBJ_19";
      };
      "OBJ_174" = {
         isa = "PBXFrameworksBuildPhase";
         files = (
            "OBJ_175"
         );
      };
      "OBJ_175" = {
         isa = "PBXBuildFile";
         fileRef = "Whodunnit::WhodunnitLib::Product";
      };
      "OBJ_176" = {
         isa = "PBXTargetDependency";
         target = "Whodunnit::WhodunnitLib";
      };
      "OBJ_178" = {
         isa = "XCConfigurationList";
         buildConfigurations = (
            "OBJ_179",
            "OBJ_180"
         );
         defaultConfigurationIsVisible = "0";
         defaultConfigurationName = "Release";
      };
      "OBJ_179" = {
         isa = "XCBuildConfiguration";
         buildSettings = {
            LD = "/usr/bin/true";
            OTHER_SWIFT_FLAGS = (
               "-swift-version",
               "5",
               "-I",
               "$(TOOLCHAIN_DIR)/usr/lib/swift/pm/4_2",
               "-target",
               "x86_64-apple-macosx10.10",
               "-sdk",
               "/Applications/Xcode.app/Contents/Developer/Platforms/MacOSX.platform/Developer/SDKs/MacOSX10.15.sdk",
               "-package-description-version",
               "5.2.0"
            );
            SWIFT_VERSION = "5.0";
         };
         name = "Debug";
      };
      "OBJ_18" = {
         isa = "PBXGroup";
         children = (
            "OBJ_19"
         );
         name = "WhodunnitTests";
         path = "Tests/WhodunnitTests";
         sourceTree = "SOURCE_ROOT";
      };
      "OBJ_180" = {
         isa = "XCBuildConfiguration";
         buildSettings = {
            LD = "/usr/bin/true";
            OTHER_SWIFT_FLAGS = (
               "-swift-version",
               "5",
               "-I",
               "$(TOOLCHAIN_DIR)/usr/lib/swift/pm/4_2",
               "-target",
               "x86_64-apple-macosx10.10",
               "-sdk",
               "/Applications/Xcode.app/Contents/Developer/Platforms/MacOSX.platform/Developer/SDKs/MacOSX10.15.sdk",
               "-package-description-version",
               "5.2.0"
            );
            SWIFT_VERSION = "5.0";
         };
         name = "Release";
      };
      "OBJ_181" = {
         isa = "PBXSourcesBuildPhase";
         files = (
            "OBJ_182"
         );
      };
      "OBJ_182" = {
         isa = "PBXBuildFile";
         fileRef = "OBJ_64";
      };
      "OBJ_19" = {
         isa = "PBXFileReference";
         path = "FileFilterTests.swift";
         sourceTree = "<group>";
      };
      "OBJ_2" = {
         isa = "XCConfigurationList";
         buildConfigurations = (
            "OBJ_3",
            "OBJ_4"
         );
         defaultConfigurationIsVisible = "0";
         defaultConfigurationName = "Release";
      };
      "OBJ_20" = {
         isa = "PBXGroup";
         children = (
            "OBJ_21"
         );
         name = "Dependencies";
         path = "";
         sourceTree = "<group>";
      };
      "OBJ_21" = {
         isa = "PBXGroup";
         children = (
            "OBJ_22",
            "OBJ_64"
         );
         name = "swift-argument-parser 0.2.2";
         path = "";
         sourceTree = "SOURCE_ROOT";
      };
      "OBJ_22" = {
         isa = "PBXGroup";
         children = (
            "OBJ_23",
            "OBJ_27",
            "OBJ_36",
            "OBJ_43",
            "OBJ_55",
            "OBJ_60"
         );
         name = "ArgumentParser";
         path = ".build/checkouts/swift-argument-parser/Sources/ArgumentParser";
         sourceTree = "SOURCE_ROOT";
      };
      "OBJ_23" = {
         isa = "PBXGroup";
         children = (
            "OBJ_24",
            "OBJ_25",
            "OBJ_26"
         );
         name = "Completions";
         path = "Completions";
         sourceTree = "<group>";
      };
      "OBJ_24" = {
         isa = "PBXFileReference";
         path = "BashCompletionsGenerator.swift";
         sourceTree = "<group>";
      };
      "OBJ_25" = {
         isa = "PBXFileReference";
         path = "CompletionsGenerator.swift";
         sourceTree = "<group>";
      };
      "OBJ_26" = {
         isa = "PBXFileReference";
         path = "ZshCompletionsGenerator.swift";
         sourceTree = "<group>";
      };
      "OBJ_27" = {
         isa = "PBXGroup";
         children = (
            "OBJ_28",
            "OBJ_29",
            "OBJ_30",
            "OBJ_31",
            "OBJ_32",
            "OBJ_33",
            "OBJ_34",
            "OBJ_35"
         );
         name = "Parsable Properties";
         path = "Parsable Properties";
         sourceTree = "<group>";
      };
      "OBJ_28" = {
         isa = "PBXFileReference";
         path = "Argument.swift";
         sourceTree = "<group>";
      };
      "OBJ_29" = {
         isa = "PBXFileReference";
         path = "ArgumentHelp.swift";
         sourceTree = "<group>";
      };
      "OBJ_3" = {
         isa = "XCBuildConfiguration";
         buildSettings = {
            CLANG_ENABLE_OBJC_ARC = "YES";
            COMBINE_HIDPI_IMAGES = "YES";
            COPY_PHASE_STRIP = "NO";
            DEBUG_INFORMATION_FORMAT = "dwarf";
            DYLIB_INSTALL_NAME_BASE = "@rpath";
            ENABLE_NS_ASSERTIONS = "YES";
            GCC_OPTIMIZATION_LEVEL = "0";
            GCC_PREPROCESSOR_DEFINITIONS = (
               "$(inherited)",
               "SWIFT_PACKAGE=1",
               "DEBUG=1"
            );
            MACOSX_DEPLOYMENT_TARGET = "10.10";
            ONLY_ACTIVE_ARCH = "YES";
            OTHER_SWIFT_FLAGS = (
               "$(inherited)",
               "-DXcode"
            );
            PRODUCT_NAME = "$(TARGET_NAME)";
            SDKROOT = "macosx";
            SUPPORTED_PLATFORMS = (
               "macosx",
               "iphoneos",
               "iphonesimulator",
               "appletvos",
               "appletvsimulator",
               "watchos",
               "watchsimulator"
            );
            SWIFT_ACTIVE_COMPILATION_CONDITIONS = (
               "$(inherited)",
               "SWIFT_PACKAGE",
               "DEBUG"
            );
            SWIFT_OPTIMIZATION_LEVEL = "-Onone";
            USE_HEADERMAP = "NO";
         };
         name = "Debug";
      };
      "OBJ_30" = {
         isa = "PBXFileReference";
         path = "CompletionKind.swift";
         sourceTree = "<group>";
      };
      "OBJ_31" = {
         isa = "PBXFileReference";
         path = "Errors.swift";
         sourceTree = "<group>";
      };
      "OBJ_32" = {
         isa = "PBXFileReference";
         path = "Flag.swift";
         sourceTree = "<group>";
      };
      "OBJ_33" = {
         isa = "PBXFileReference";
         path = "NameSpecification.swift";
         sourceTree = "<group>";
      };
      "OBJ_34" = {
         isa = "PBXFileReference";
         path = "Option.swift";
         sourceTree = "<group>";
      };
      "OBJ_35" = {
         isa = "PBXFileReference";
         path = "OptionGroup.swift";
         sourceTree = "<group>";
      };
      "OBJ_36" = {
         isa = "PBXGroup";
         children = (
            "OBJ_37",
            "OBJ_38",
            "OBJ_39",
            "OBJ_40",
            "OBJ_41",
            "OBJ_42"
         );
         name = "Parsable Types";
         path = "Parsable Types";
         sourceTree = "<group>";
      };
      "OBJ_37" = {
         isa = "PBXFileReference";
         path = "CommandConfiguration.swift";
         sourceTree = "<group>";
      };
      "OBJ_38" = {
         isa = "PBXFileReference";
         path = "EnumerableFlag.swift";
         sourceTree = "<group>";
      };
      "OBJ_39" = {
         isa = "PBXFileReference";
         path = "ExpressibleByArgument.swift";
         sourceTree = "<group>";
      };
      "OBJ_4" = {
         isa = "XCBuildConfiguration";
         buildSettings = {
            CLANG_ENABLE_OBJC_ARC = "YES";
            COMBINE_HIDPI_IMAGES = "YES";
            COPY_PHASE_STRIP = "YES";
            DEBUG_INFORMATION_FORMAT = "dwarf-with-dsym";
            DYLIB_INSTALL_NAME_BASE = "@rpath";
            GCC_OPTIMIZATION_LEVEL = "s";
            GCC_PREPROCESSOR_DEFINITIONS = (
               "$(inherited)",
               "SWIFT_PACKAGE=1"
            );
            MACOSX_DEPLOYMENT_TARGET = "10.10";
            OTHER_SWIFT_FLAGS = (
               "$(inherited)",
               "-DXcode"
            );
            PRODUCT_NAME = "$(TARGET_NAME)";
            SDKROOT = "macosx";
            SUPPORTED_PLATFORMS = (
               "macosx",
               "iphoneos",
               "iphonesimulator",
               "appletvos",
               "appletvsimulator",
               "watchos",
               "watchsimulator"
            );
            SWIFT_ACTIVE_COMPILATION_CONDITIONS = (
               "$(inherited)",
               "SWIFT_PACKAGE"
            );
            SWIFT_OPTIMIZATION_LEVEL = "-Owholemodule";
            USE_HEADERMAP = "NO";
         };
         name = "Release";
      };
      "OBJ_40" = {
         isa = "PBXFileReference";
         path = "ParsableArguments.swift";
         sourceTree = "<group>";
      };
      "OBJ_41" = {
         isa = "PBXFileReference";
         path = "ParsableArgumentsValidation.swift";
         sourceTree = "<group>";
      };
      "OBJ_42" = {
         isa = "PBXFileReference";
         path = "ParsableCommand.swift";
         sourceTree = "<group>";
      };
      "OBJ_43" = {
         isa = "PBXGroup";
         children = (
            "OBJ_44",
            "OBJ_45",
            "OBJ_46",
            "OBJ_47",
            "OBJ_48",
            "OBJ_49",
            "OBJ_50",
            "OBJ_51",
            "OBJ_52",
            "OBJ_53",
            "OBJ_54"
         );
         name = "Parsing";
         path = "Parsing";
         sourceTree = "<group>";
      };
      "OBJ_44" = {
         isa = "PBXFileReference";
         path = "ArgumentDecoder.swift";
         sourceTree = "<group>";
      };
      "OBJ_45" = {
         isa = "PBXFileReference";
         path = "ArgumentDefinition.swift";
         sourceTree = "<group>";
      };
      "OBJ_46" = {
         isa = "PBXFileReference";
         path = "ArgumentSet.swift";
         sourceTree = "<group>";
      };
      "OBJ_47" = {
         isa = "PBXFileReference";
         path = "ArgumentSetSequence.swift";
         sourceTree = "<group>";
      };
      "OBJ_48" = {
         isa = "PBXFileReference";
         path = "CommandParser.swift";
         sourceTree = "<group>";
      };
      "OBJ_49" = {
         isa = "PBXFileReference";
         path = "InputOrigin.swift";
         sourceTree = "<group>";
      };
      "OBJ_5" = {
         isa = "PBXGroup";
         children = (
            "OBJ_6",
            "OBJ_7",
            "OBJ_17",
            "OBJ_20",
            "OBJ_65",
            "OBJ_71",
            "OBJ_72",
            "OBJ_73"
         );
         path = "";
         sourceTree = "<group>";
      };
      "OBJ_50" = {
         isa = "PBXFileReference";
         path = "Name.swift";
         sourceTree = "<group>";
      };
      "OBJ_51" = {
         isa = "PBXFileReference";
         path = "Parsed.swift";
         sourceTree = "<group>";
      };
      "OBJ_52" = {
         isa = "PBXFileReference";
         path = "ParsedValues.swift";
         sourceTree = "<group>";
      };
      "OBJ_53" = {
         isa = "PBXFileReference";
         path = "ParserError.swift";
         sourceTree = "<group>";
      };
      "OBJ_54" = {
         isa = "PBXFileReference";
         path = "SplitArguments.swift";
         sourceTree = "<group>";
      };
      "OBJ_55" = {
         isa = "PBXGroup";
         children = (
            "OBJ_56",
            "OBJ_57",
            "OBJ_58",
            "OBJ_59"
         );
         name = "Usage";
         path = "Usage";
         sourceTree = "<group>";
      };
      "OBJ_56" = {
         isa = "PBXFileReference";
         path = "HelpCommand.swift";
         sourceTree = "<group>";
      };
      "OBJ_57" = {
         isa = "PBXFileReference";
         path = "HelpGenerator.swift";
         sourceTree = "<group>";
      };
      "OBJ_58" = {
         isa = "PBXFileReference";
         path = "MessageInfo.swift";
         sourceTree = "<group>";
      };
      "OBJ_59" = {
         isa = "PBXFileReference";
         path = "UsageGenerator.swift";
         sourceTree = "<group>";
      };
      "OBJ_6" = {
         isa = "PBXFileReference";
         explicitFileType = "sourcecode.swift";
         path = "Package.swift";
         sourceTree = "<group>";
      };
      "OBJ_60" = {
         isa = "PBXGroup";
         children = (
            "OBJ_61",
            "OBJ_62",
            "OBJ_63"
         );
         name = "Utilities";
         path = "Utilities";
         sourceTree = "<group>";
      };
      "OBJ_61" = {
         isa = "PBXFileReference";
         path = "SequenceExtensions.swift";
         sourceTree = "<group>";
      };
      "OBJ_62" = {
         isa = "PBXFileReference";
         path = "StringExtensions.swift";
         sourceTree = "<group>";
      };
      "OBJ_63" = {
         isa = "PBXFileReference";
         path = "Tree.swift";
         sourceTree = "<group>";
      };
      "OBJ_64" = {
         isa = "PBXFileReference";
         explicitFileType = "sourcecode.swift";
         name = "Package.swift";
         path = "/Users/shifu/code/whodunit/.build/checkouts/swift-argument-parser/Package.swift";
         sourceTree = "<group>";
      };
      "OBJ_65" = {
         isa = "PBXGroup";
         children = (
            "Whodunnit::WhodunnitMain::Product",
            "Whodunnit::WhoFilesMain::Product",
            "Whodunnit::WhodunnitLib::Product",
            "swift-argument-parser::ArgumentParser::Product",
            "Whodunnit::WhodunnitTests::Product"
         );
         name = "Products";
         path = "";
         sourceTree = "BUILT_PRODUCTS_DIR";
      };
      "OBJ_7" = {
         isa = "PBXGroup";
         children = (
            "OBJ_8",
            "OBJ_11",
            "OBJ_14"
         );
         name = "Sources";
         path = "";
         sourceTree = "SOURCE_ROOT";
      };
      "OBJ_71" = {
         isa = "PBXFileReference";
         path = "output";
         sourceTree = "SOURCE_ROOT";
      };
      "OBJ_72" = {
         isa = "PBXFileReference";
         path = "examples";
         sourceTree = "SOURCE_ROOT";
      };
      "OBJ_73" = {
         isa = "PBXFileReference";
         path = "scripts";
         sourceTree = "SOURCE_ROOT";
      };
      "OBJ_75" = {
         isa = "XCConfigurationList";
         buildConfigurations = (
            "OBJ_76",
            "OBJ_77"
         );
         defaultConfigurationIsVisible = "0";
         defaultConfigurationName = "Release";
      };
      "OBJ_76" = {
         isa = "XCBuildConfiguration";
         buildSettings = {
            ENABLE_TESTABILITY = "YES";
            FRAMEWORK_SEARCH_PATHS = (
               "$(inherited)",
               "$(PLATFORM_DIR)/Developer/Library/Frameworks"
            );
            HEADER_SEARCH_PATHS = (
               "$(inherited)"
            );
            INFOPLIST_FILE = "Whodunnit.xcodeproj/ArgumentParser_Info.plist";
            IPHONEOS_DEPLOYMENT_TARGET = "8.0";
            LD_RUNPATH_SEARCH_PATHS = (
               "$(inherited)",
               "$(TOOLCHAIN_DIR)/usr/lib/swift/macosx"
            );
            MACOSX_DEPLOYMENT_TARGET = "10.10";
            OTHER_CFLAGS = (
               "$(inherited)"
            );
            OTHER_LDFLAGS = (
               "$(inherited)"
            );
            OTHER_SWIFT_FLAGS = (
               "$(inherited)"
            );
            PRODUCT_BUNDLE_IDENTIFIER = "ArgumentParser";
            PRODUCT_MODULE_NAME = "$(TARGET_NAME:c99extidentifier)";
            PRODUCT_NAME = "$(TARGET_NAME:c99extidentifier)";
            SKIP_INSTALL = "YES";
            SWIFT_ACTIVE_COMPILATION_CONDITIONS = (
               "$(inherited)"
            );
            SWIFT_VERSION = "5.0";
            TARGET_NAME = "ArgumentParser";
            TVOS_DEPLOYMENT_TARGET = "9.0";
            WATCHOS_DEPLOYMENT_TARGET = "2.0";
         };
         name = "Debug";
      };
      "OBJ_77" = {
         isa = "XCBuildConfiguration";
         buildSettings = {
            ENABLE_TESTABILITY = "YES";
            FRAMEWORK_SEARCH_PATHS = (
               "$(inherited)",
               "$(PLATFORM_DIR)/Developer/Library/Frameworks"
            );
            HEADER_SEARCH_PATHS = (
               "$(inherited)"
            );
            INFOPLIST_FILE = "Whodunnit.xcodeproj/ArgumentParser_Info.plist";
            IPHONEOS_DEPLOYMENT_TARGET = "8.0";
            LD_RUNPATH_SEARCH_PATHS = (
               "$(inherited)",
               "$(TOOLCHAIN_DIR)/usr/lib/swift/macosx"
            );
            MACOSX_DEPLOYMENT_TARGET = "10.10";
            OTHER_CFLAGS = (
               "$(inherited)"
            );
            OTHER_LDFLAGS = (
               "$(inherited)"
            );
            OTHER_SWIFT_FLAGS = (
               "$(inherited)"
            );
            PRODUCT_BUNDLE_IDENTIFIER = "ArgumentParser";
            PRODUCT_MODULE_NAME = "$(TARGET_NAME:c99extidentifier)";
            PRODUCT_NAME = "$(TARGET_NAME:c99extidentifier)";
            SKIP_INSTALL = "YES";
            SWIFT_ACTIVE_COMPILATION_CONDITIONS = (
               "$(inherited)"
            );
            SWIFT_VERSION = "5.0";
            TARGET_NAME = "ArgumentParser";
            TVOS_DEPLOYMENT_TARGET = "9.0";
            WATCHOS_DEPLOYMENT_TARGET = "2.0";
         };
         name = "Release";
      };
      "OBJ_78" = {
         isa = "PBXSourcesBuildPhase";
         files = (
            "OBJ_79",
            "OBJ_80",
            "OBJ_81",
            "OBJ_82",
            "OBJ_83",
            "OBJ_84",
            "OBJ_85",
            "OBJ_86",
            "OBJ_87",
            "OBJ_88",
            "OBJ_89",
            "OBJ_90",
            "OBJ_91",
            "OBJ_92",
            "OBJ_93",
            "OBJ_94",
            "OBJ_95",
            "OBJ_96",
            "OBJ_97",
            "OBJ_98",
            "OBJ_99",
            "OBJ_100",
            "OBJ_101",
            "OBJ_102",
            "OBJ_103",
            "OBJ_104",
            "OBJ_105",
            "OBJ_106",
            "OBJ_107",
            "OBJ_108",
            "OBJ_109",
            "OBJ_110",
            "OBJ_111",
            "OBJ_112",
            "OBJ_113"
         );
      };
      "OBJ_79" = {
         isa = "PBXBuildFile";
         fileRef = "OBJ_24";
      };
      "OBJ_8" = {
         isa = "PBXGroup";
         children = (
            "OBJ_9",
            "OBJ_10"
         );
         name = "WhoFilesMain";
         path = "Sources/WhoFilesMain";
         sourceTree = "SOURCE_ROOT";
      };
      "OBJ_80" = {
         isa = "PBXBuildFile";
         fileRef = "OBJ_25";
      };
      "OBJ_81" = {
         isa = "PBXBuildFile";
         fileRef = "OBJ_26";
      };
      "OBJ_82" = {
         isa = "PBXBuildFile";
         fileRef = "OBJ_28";
      };
      "OBJ_83" = {
         isa = "PBXBuildFile";
         fileRef = "OBJ_29";
      };
      "OBJ_84" = {
         isa = "PBXBuildFile";
         fileRef = "OBJ_30";
      };
      "OBJ_85" = {
         isa = "PBXBuildFile";
         fileRef = "OBJ_31";
      };
      "OBJ_86" = {
         isa = "PBXBuildFile";
         fileRef = "OBJ_32";
      };
      "OBJ_87" = {
         isa = "PBXBuildFile";
         fileRef = "OBJ_33";
      };
      "OBJ_88" = {
         isa = "PBXBuildFile";
         fileRef = "OBJ_34";
      };
      "OBJ_89" = {
         isa = "PBXBuildFile";
         fileRef = "OBJ_35";
      };
      "OBJ_9" = {
         isa = "PBXFileReference";
         path = "ArgParser.swift";
         sourceTree = "<group>";
      };
      "OBJ_90" = {
         isa = "PBXBuildFile";
         fileRef = "OBJ_37";
      };
      "OBJ_91" = {
         isa = "PBXBuildFile";
         fileRef = "OBJ_38";
      };
      "OBJ_92" = {
         isa = "PBXBuildFile";
         fileRef = "OBJ_39";
      };
      "OBJ_93" = {
         isa = "PBXBuildFile";
         fileRef = "OBJ_40";
      };
      "OBJ_94" = {
         isa = "PBXBuildFile";
         fileRef = "OBJ_41";
      };
      "OBJ_95" = {
         isa = "PBXBuildFile";
         fileRef = "OBJ_42";
      };
      "OBJ_96" = {
         isa = "PBXBuildFile";
         fileRef = "OBJ_44";
      };
      "OBJ_97" = {
         isa = "PBXBuildFile";
         fileRef = "OBJ_45";
      };
      "OBJ_98" = {
         isa = "PBXBuildFile";
         fileRef = "OBJ_46";
      };
      "OBJ_99" = {
         isa = "PBXBuildFile";
         fileRef = "OBJ_47";
      };
      "Whodunnit::SwiftPMPackageDescription" = {
         isa = "PBXNativeTarget";
         buildConfigurationList = "OBJ_158";
         buildPhases = (
            "OBJ_161"
         );
         dependencies = (
         );
         name = "WhodunnitPackageDescription";
         productName = "WhodunnitPackageDescription";
         productType = "com.apple.product-type.framework";
      };
      "Whodunnit::WhoFiles::ProductTarget" = {
         isa = "PBXAggregateTarget";
         buildConfigurationList = "OBJ_116";
         buildPhases = (
         );
         dependencies = (
            "OBJ_119"
         );
         name = "WhoFiles";
         productName = "WhoFiles";
      };
      "Whodunnit::WhoFilesMain" = {
         isa = "PBXNativeTarget";
         buildConfigurationList = "OBJ_121";
         buildPhases = (
            "OBJ_124",
            "OBJ_127"
         );
         dependencies = (
            "OBJ_130",
            "OBJ_131"
         );
         name = "WhoFilesMain";
         productName = "WhoFilesMain";
         productReference = "Whodunnit::WhoFilesMain::Product";
         productType = "com.apple.product-type.tool";
      };
      "Whodunnit::WhoFilesMain::Product" = {
         isa = "PBXFileReference";
         path = "WhoFilesMain";
         sourceTree = "BUILT_PRODUCTS_DIR";
      };
      "Whodunnit::Whodunnit::ProductTarget" = {
         isa = "PBXAggregateTarget";
         buildConfigurationList = "OBJ_134";
         buildPhases = (
         );
         dependencies = (
            "OBJ_137"
         );
         name = "Whodunnit";
         productName = "Whodunnit";
      };
      "Whodunnit::WhodunnitLib" = {
         isa = "PBXNativeTarget";
         buildConfigurationList = "OBJ_139";
         buildPhases = (
            "OBJ_142",
            "OBJ_145"
         );
         dependencies = (
         );
         name = "WhodunnitLib";
         productName = "WhodunnitLib";
         productReference = "Whodunnit::WhodunnitLib::Product";
         productType = "com.apple.product-type.framework";
      };
      "Whodunnit::WhodunnitLib::Product" = {
         isa = "PBXFileReference";
         path = "WhodunnitLib.framework";
         sourceTree = "BUILT_PRODUCTS_DIR";
      };
      "Whodunnit::WhodunnitMain" = {
         isa = "PBXNativeTarget";
         buildConfigurationList = "OBJ_146";
         buildPhases = (
            "OBJ_149",
            "OBJ_152"
         );
         dependencies = (
            "OBJ_155",
            "OBJ_156"
         );
         name = "WhodunnitMain";
         productName = "WhodunnitMain";
         productReference = "Whodunnit::WhodunnitMain::Product";
         productType = "com.apple.product-type.tool";
      };
      "Whodunnit::WhodunnitMain::Product" = {
         isa = "PBXFileReference";
         path = "WhodunnitMain";
         sourceTree = "BUILT_PRODUCTS_DIR";
      };
      "Whodunnit::WhodunnitPackageTests::ProductTarget" = {
         isa = "PBXAggregateTarget";
         buildConfigurationList = "OBJ_164";
         buildPhases = (
         );
         dependencies = (
            "OBJ_167"
         );
         name = "WhodunnitPackageTests";
         productName = "WhodunnitPackageTests";
      };
      "Whodunnit::WhodunnitTests" = {
         isa = "PBXNativeTarget";
         buildConfigurationList = "OBJ_169";
         buildPhases = (
            "OBJ_172",
            "OBJ_174"
         );
         dependencies = (
            "OBJ_176"
         );
         name = "WhodunnitTests";
         productName = "WhodunnitTests";
         productReference = "Whodunnit::WhodunnitTests::Product";
         productType = "com.apple.product-type.bundle.unit-test";
      };
      "Whodunnit::WhodunnitTests::Product" = {
         isa = "PBXFileReference";
         path = "WhodunnitTests.xctest";
         sourceTree = "BUILT_PRODUCTS_DIR";
      };
      "swift-argument-parser::ArgumentParser" = {
         isa = "PBXNativeTarget";
         buildConfigurationList = "OBJ_75";
         buildPhases = (
            "OBJ_78",
            "OBJ_114"
         );
         dependencies = (
         );
         name = "ArgumentParser";
         productName = "ArgumentParser";
         productReference = "swift-argument-parser::ArgumentParser::Product";
         productType = "com.apple.product-type.framework";
      };
      "swift-argument-parser::ArgumentParser::Product" = {
         isa = "PBXFileReference";
         path = "ArgumentParser.framework";
         sourceTree = "BUILT_PRODUCTS_DIR";
      };
      "swift-argument-parser::SwiftPMPackageDescription" = {
         isa = "PBXNativeTarget";
         buildConfigurationList = "OBJ_178";
         buildPhases = (
            "OBJ_181"
         );
         dependencies = (
         );
         name = "swift-argument-parserPackageDescription";
         productName = "swift-argument-parserPackageDescription";
         productType = "com.apple.product-type.framework";
      };
   };
   rootObject = "OBJ_1";
}
