// !$*UTF8*$!
{
	archiveVersion = 1;
	classes = {
	};
	objectVersion = 46;
	objects = {

/* Begin PBXAggregateTarget section */
		"Whodunnit::WhoFiles::ProductTarget" /* WhoFiles */ = {
			isa = PBXAggregateTarget;
			buildConfigurationList = OBJ_136 /* Build configuration list for PBXAggregateTarget "WhoFiles" */;
			buildPhases = (
			);
			dependencies = (
				OBJ_139 /* PBXTargetDependency */,
			);
			name = WhoFiles;
			productName = WhoFiles;
		};
		"Whodunnit::Whodunnit::ProductTarget" /* Whodunnit */ = {
			isa = PBXAggregateTarget;
			buildConfigurationList = OBJ_153 /* Build configuration list for PBXAggregateTarget "Whodunnit" */;
			buildPhases = (
			);
			dependencies = (
				OBJ_156 /* PBXTargetDependency */,
			);
			name = Whodunnit;
			productName = Whodunnit;
		};
		"Whodunnit::WhodunnitPackageTests::ProductTarget" /* WhodunnitPackageTests */ = {
			isa = PBXAggregateTarget;
			buildConfigurationList = OBJ_184 /* Build configuration list for PBXAggregateTarget "WhodunnitPackageTests" */;
			buildPhases = (
			);
			dependencies = (
				OBJ_187 /* PBXTargetDependency */,
			);
			name = WhodunnitPackageTests;
			productName = WhodunnitPackageTests;
		};
/* End PBXAggregateTarget section */

/* Begin PBXBuildFile section */
		11753DB624E5BE8F00ECF8E4 /* LineSummaryTests.swift in Sources */ = {isa = PBXBuildFile; fileRef = 11753DB524E5BE8F00ECF8E4 /* LineSummaryTests.swift */; };
		OBJ_100 /* ParsableArgumentsValidation.swift in Sources */ = {isa = PBXBuildFile; fileRef = OBJ_46 /* ParsableArgumentsValidation.swift */; };
		OBJ_101 /* ParsableCommand.swift in Sources */ = {isa = PBXBuildFile; fileRef = OBJ_47 /* ParsableCommand.swift */; };
		OBJ_102 /* ArgumentDecoder.swift in Sources */ = {isa = PBXBuildFile; fileRef = OBJ_49 /* ArgumentDecoder.swift */; };
		OBJ_103 /* ArgumentDefinition.swift in Sources */ = {isa = PBXBuildFile; fileRef = OBJ_50 /* ArgumentDefinition.swift */; };
		OBJ_104 /* ArgumentSet.swift in Sources */ = {isa = PBXBuildFile; fileRef = OBJ_51 /* ArgumentSet.swift */; };
		OBJ_105 /* ArgumentSetSequence.swift in Sources */ = {isa = PBXBuildFile; fileRef = OBJ_52 /* ArgumentSetSequence.swift */; };
		OBJ_106 /* CommandParser.swift in Sources */ = {isa = PBXBuildFile; fileRef = OBJ_53 /* CommandParser.swift */; };
		OBJ_107 /* InputOrigin.swift in Sources */ = {isa = PBXBuildFile; fileRef = OBJ_54 /* InputOrigin.swift */; };
		OBJ_108 /* Name.swift in Sources */ = {isa = PBXBuildFile; fileRef = OBJ_55 /* Name.swift */; };
		OBJ_109 /* Parsed.swift in Sources */ = {isa = PBXBuildFile; fileRef = OBJ_56 /* Parsed.swift */; };
		OBJ_110 /* ParsedValues.swift in Sources */ = {isa = PBXBuildFile; fileRef = OBJ_57 /* ParsedValues.swift */; };
		OBJ_111 /* ParserError.swift in Sources */ = {isa = PBXBuildFile; fileRef = OBJ_58 /* ParserError.swift */; };
		OBJ_112 /* SplitArguments.swift in Sources */ = {isa = PBXBuildFile; fileRef = OBJ_59 /* SplitArguments.swift */; };
		OBJ_113 /* HelpCommand.swift in Sources */ = {isa = PBXBuildFile; fileRef = OBJ_61 /* HelpCommand.swift */; };
		OBJ_114 /* HelpGenerator.swift in Sources */ = {isa = PBXBuildFile; fileRef = OBJ_62 /* HelpGenerator.swift */; };
		OBJ_115 /* MessageInfo.swift in Sources */ = {isa = PBXBuildFile; fileRef = OBJ_63 /* MessageInfo.swift */; };
		OBJ_116 /* UsageGenerator.swift in Sources */ = {isa = PBXBuildFile; fileRef = OBJ_64 /* UsageGenerator.swift */; };
		OBJ_117 /* SequenceExtensions.swift in Sources */ = {isa = PBXBuildFile; fileRef = OBJ_66 /* SequenceExtensions.swift */; };
		OBJ_118 /* StringExtensions.swift in Sources */ = {isa = PBXBuildFile; fileRef = OBJ_67 /* StringExtensions.swift */; };
		OBJ_119 /* Tree.swift in Sources */ = {isa = PBXBuildFile; fileRef = OBJ_68 /* Tree.swift */; };
		OBJ_126 /* BreakdownParser.swift in Sources */ = {isa = PBXBuildFile; fileRef = OBJ_9 /* BreakdownParser.swift */; };
		OBJ_127 /* main.swift in Sources */ = {isa = PBXBuildFile; fileRef = OBJ_10 /* main.swift */; };
		OBJ_128 /* x.swift in Sources */ = {isa = PBXBuildFile; fileRef = OBJ_11 /* x.swift */; };
		OBJ_130 /* ArgumentParser.framework in Frameworks */ = {isa = PBXBuildFile; fileRef = "swift-argument-parser::ArgumentParser::Product" /* ArgumentParser.framework */; };
		OBJ_131 /* WhodunnitLib.framework in Frameworks */ = {isa = PBXBuildFile; fileRef = "Whodunnit::WhodunnitLib::Product" /* WhodunnitLib.framework */; };
		OBJ_145 /* ArgParser.swift in Sources */ = {isa = PBXBuildFile; fileRef = OBJ_13 /* ArgParser.swift */; };
		OBJ_146 /* main.swift in Sources */ = {isa = PBXBuildFile; fileRef = OBJ_14 /* main.swift */; };
		OBJ_148 /* ArgumentParser.framework in Frameworks */ = {isa = PBXBuildFile; fileRef = "swift-argument-parser::ArgumentParser::Product" /* ArgumentParser.framework */; };
		OBJ_149 /* WhodunnitLib.framework in Frameworks */ = {isa = PBXBuildFile; fileRef = "Whodunnit::WhodunnitLib::Product" /* WhodunnitLib.framework */; };
		OBJ_162 /* Exec.swift in Sources */ = {isa = PBXBuildFile; fileRef = OBJ_16 /* Exec.swift */; };
		OBJ_163 /* FileFilter.swift in Sources */ = {isa = PBXBuildFile; fileRef = OBJ_17 /* FileFilter.swift */; };
		OBJ_164 /* LineSummary.swift in Sources */ = {isa = PBXBuildFile; fileRef = OBJ_18 /* LineSummary.swift */; };
		OBJ_170 /* BlamerParser.swift in Sources */ = {isa = PBXBuildFile; fileRef = OBJ_20 /* BlamerParser.swift */; };
		OBJ_171 /* main.swift in Sources */ = {isa = PBXBuildFile; fileRef = OBJ_21 /* main.swift */; };
		OBJ_173 /* ArgumentParser.framework in Frameworks */ = {isa = PBXBuildFile; fileRef = "swift-argument-parser::ArgumentParser::Product" /* ArgumentParser.framework */; };
		OBJ_174 /* WhodunnitLib.framework in Frameworks */ = {isa = PBXBuildFile; fileRef = "Whodunnit::WhodunnitLib::Product" /* WhodunnitLib.framework */; };
		OBJ_182 /* Package.swift in Sources */ = {isa = PBXBuildFile; fileRef = OBJ_6 /* Package.swift */; };
		OBJ_193 /* FileFilterTests.swift in Sources */ = {isa = PBXBuildFile; fileRef = OBJ_24 /* FileFilterTests.swift */; };
		OBJ_195 /* WhodunnitLib.framework in Frameworks */ = {isa = PBXBuildFile; fileRef = "Whodunnit::WhodunnitLib::Product" /* WhodunnitLib.framework */; };
		OBJ_202 /* Package.swift in Sources */ = {isa = PBXBuildFile; fileRef = OBJ_69 /* Package.swift */; };
		OBJ_85 /* BashCompletionsGenerator.swift in Sources */ = {isa = PBXBuildFile; fileRef = OBJ_29 /* BashCompletionsGenerator.swift */; };
		OBJ_86 /* CompletionsGenerator.swift in Sources */ = {isa = PBXBuildFile; fileRef = OBJ_30 /* CompletionsGenerator.swift */; };
		OBJ_87 /* ZshCompletionsGenerator.swift in Sources */ = {isa = PBXBuildFile; fileRef = OBJ_31 /* ZshCompletionsGenerator.swift */; };
		OBJ_88 /* Argument.swift in Sources */ = {isa = PBXBuildFile; fileRef = OBJ_33 /* Argument.swift */; };
		OBJ_89 /* ArgumentHelp.swift in Sources */ = {isa = PBXBuildFile; fileRef = OBJ_34 /* ArgumentHelp.swift */; };
		OBJ_90 /* CompletionKind.swift in Sources */ = {isa = PBXBuildFile; fileRef = OBJ_35 /* CompletionKind.swift */; };
		OBJ_91 /* Errors.swift in Sources */ = {isa = PBXBuildFile; fileRef = OBJ_36 /* Errors.swift */; };
		OBJ_92 /* Flag.swift in Sources */ = {isa = PBXBuildFile; fileRef = OBJ_37 /* Flag.swift */; };
		OBJ_93 /* NameSpecification.swift in Sources */ = {isa = PBXBuildFile; fileRef = OBJ_38 /* NameSpecification.swift */; };
		OBJ_94 /* Option.swift in Sources */ = {isa = PBXBuildFile; fileRef = OBJ_39 /* Option.swift */; };
		OBJ_95 /* OptionGroup.swift in Sources */ = {isa = PBXBuildFile; fileRef = OBJ_40 /* OptionGroup.swift */; };
		OBJ_96 /* CommandConfiguration.swift in Sources */ = {isa = PBXBuildFile; fileRef = OBJ_42 /* CommandConfiguration.swift */; };
		OBJ_97 /* EnumerableFlag.swift in Sources */ = {isa = PBXBuildFile; fileRef = OBJ_43 /* EnumerableFlag.swift */; };
		OBJ_98 /* ExpressibleByArgument.swift in Sources */ = {isa = PBXBuildFile; fileRef = OBJ_44 /* ExpressibleByArgument.swift */; };
		OBJ_99 /* ParsableArguments.swift in Sources */ = {isa = PBXBuildFile; fileRef = OBJ_45 /* ParsableArguments.swift */; };
/* End PBXBuildFile section */

/* Begin PBXContainerItemProxy section */
		11753DAB24E5BE7500ECF8E4 /* PBXContainerItemProxy */ = {
			isa = PBXContainerItemProxy;
			containerPortal = OBJ_1 /* Project object */;
			proxyType = 1;
			remoteGlobalIDString = "swift-argument-parser::ArgumentParser";
			remoteInfo = ArgumentParser;
		};
		11753DAC24E5BE7500ECF8E4 /* PBXContainerItemProxy */ = {
			isa = PBXContainerItemProxy;
			containerPortal = OBJ_1 /* Project object */;
			proxyType = 1;
			remoteGlobalIDString = "Whodunnit::WhodunnitLib";
			remoteInfo = WhodunnitLib;
		};
		11753DAD24E5BE7500ECF8E4 /* PBXContainerItemProxy */ = {
			isa = PBXContainerItemProxy;
			containerPortal = OBJ_1 /* Project object */;
			proxyType = 1;
			remoteGlobalIDString = "swift-argument-parser::ArgumentParser";
			remoteInfo = ArgumentParser;
		};
		11753DAE24E5BE7500ECF8E4 /* PBXContainerItemProxy */ = {
			isa = PBXContainerItemProxy;
			containerPortal = OBJ_1 /* Project object */;
			proxyType = 1;
			remoteGlobalIDString = "Whodunnit::WhodunnitLib";
			remoteInfo = WhodunnitLib;
		};
		11753DAF24E5BE7500ECF8E4 /* PBXContainerItemProxy */ = {
			isa = PBXContainerItemProxy;
			containerPortal = OBJ_1 /* Project object */;
			proxyType = 1;
			remoteGlobalIDString = "swift-argument-parser::ArgumentParser";
			remoteInfo = ArgumentParser;
		};
		11753DB024E5BE7500ECF8E4 /* PBXContainerItemProxy */ = {
			isa = PBXContainerItemProxy;
			containerPortal = OBJ_1 /* Project object */;
			proxyType = 1;
			remoteGlobalIDString = "Whodunnit::WhodunnitLib";
			remoteInfo = WhodunnitLib;
		};
		11753DB124E5BE7600ECF8E4 /* PBXContainerItemProxy */ = {
			isa = PBXContainerItemProxy;
			containerPortal = OBJ_1 /* Project object */;
			proxyType = 1;
			remoteGlobalIDString = "Whodunnit::WhodunnitLib";
			remoteInfo = WhodunnitLib;
		};
		11753DB224E5BE7700ECF8E4 /* PBXContainerItemProxy */ = {
			isa = PBXContainerItemProxy;
			containerPortal = OBJ_1 /* Project object */;
			proxyType = 1;
			remoteGlobalIDString = "Whodunnit::WhoFilesMain";
			remoteInfo = WhoFilesMain;
		};
		11753DB324E5BE7700ECF8E4 /* PBXContainerItemProxy */ = {
			isa = PBXContainerItemProxy;
			containerPortal = OBJ_1 /* Project object */;
			proxyType = 1;
			remoteGlobalIDString = "Whodunnit::WhodunnitMain";
			remoteInfo = WhodunnitMain;
		};
		11753DB424E5BE7700ECF8E4 /* PBXContainerItemProxy */ = {
			isa = PBXContainerItemProxy;
			containerPortal = OBJ_1 /* Project object */;
			proxyType = 1;
			remoteGlobalIDString = "Whodunnit::WhodunnitTests";
			remoteInfo = WhodunnitTests;
		};
/* End PBXContainerItemProxy section */

/* Begin PBXFileReference section */
		11753DB524E5BE8F00ECF8E4 /* LineSummaryTests.swift */ = {isa = PBXFileReference; lastKnownFileType = sourcecode.swift; path = LineSummaryTests.swift; sourceTree = "<group>"; };
		OBJ_10 /* main.swift */ = {isa = PBXFileReference; lastKnownFileType = sourcecode.swift; path = main.swift; sourceTree = "<group>"; };
		OBJ_11 /* x.swift */ = {isa = PBXFileReference; lastKnownFileType = sourcecode.swift; path = x.swift; sourceTree = "<group>"; };
		OBJ_13 /* ArgParser.swift */ = {isa = PBXFileReference; lastKnownFileType = sourcecode.swift; path = ArgParser.swift; sourceTree = "<group>"; };
		OBJ_14 /* main.swift */ = {isa = PBXFileReference; lastKnownFileType = sourcecode.swift; path = main.swift; sourceTree = "<group>"; };
		OBJ_16 /* Exec.swift */ = {isa = PBXFileReference; lastKnownFileType = sourcecode.swift; path = Exec.swift; sourceTree = "<group>"; };
		OBJ_17 /* FileFilter.swift */ = {isa = PBXFileReference; lastKnownFileType = sourcecode.swift; path = FileFilter.swift; sourceTree = "<group>"; };
		OBJ_18 /* LineSummary.swift */ = {isa = PBXFileReference; lastKnownFileType = sourcecode.swift; path = LineSummary.swift; sourceTree = "<group>"; };
		OBJ_20 /* BlamerParser.swift */ = {isa = PBXFileReference; lastKnownFileType = sourcecode.swift; path = BlamerParser.swift; sourceTree = "<group>"; };
		OBJ_21 /* main.swift */ = {isa = PBXFileReference; lastKnownFileType = sourcecode.swift; path = main.swift; sourceTree = "<group>"; };
		OBJ_24 /* FileFilterTests.swift */ = {isa = PBXFileReference; lastKnownFileType = sourcecode.swift; path = FileFilterTests.swift; sourceTree = "<group>"; };
		OBJ_29 /* BashCompletionsGenerator.swift */ = {isa = PBXFileReference; lastKnownFileType = sourcecode.swift; path = BashCompletionsGenerator.swift; sourceTree = "<group>"; };
		OBJ_30 /* CompletionsGenerator.swift */ = {isa = PBXFileReference; lastKnownFileType = sourcecode.swift; path = CompletionsGenerator.swift; sourceTree = "<group>"; };
		OBJ_31 /* ZshCompletionsGenerator.swift */ = {isa = PBXFileReference; lastKnownFileType = sourcecode.swift; path = ZshCompletionsGenerator.swift; sourceTree = "<group>"; };
		OBJ_33 /* Argument.swift */ = {isa = PBXFileReference; lastKnownFileType = sourcecode.swift; path = Argument.swift; sourceTree = "<group>"; };
		OBJ_34 /* ArgumentHelp.swift */ = {isa = PBXFileReference; lastKnownFileType = sourcecode.swift; path = ArgumentHelp.swift; sourceTree = "<group>"; };
		OBJ_35 /* CompletionKind.swift */ = {isa = PBXFileReference; lastKnownFileType = sourcecode.swift; path = CompletionKind.swift; sourceTree = "<group>"; };
		OBJ_36 /* Errors.swift */ = {isa = PBXFileReference; lastKnownFileType = sourcecode.swift; path = Errors.swift; sourceTree = "<group>"; };
		OBJ_37 /* Flag.swift */ = {isa = PBXFileReference; lastKnownFileType = sourcecode.swift; path = Flag.swift; sourceTree = "<group>"; };
		OBJ_38 /* NameSpecification.swift */ = {isa = PBXFileReference; lastKnownFileType = sourcecode.swift; path = NameSpecification.swift; sourceTree = "<group>"; };
		OBJ_39 /* Option.swift */ = {isa = PBXFileReference; lastKnownFileType = sourcecode.swift; path = Option.swift; sourceTree = "<group>"; };
		OBJ_40 /* OptionGroup.swift */ = {isa = PBXFileReference; lastKnownFileType = sourcecode.swift; path = OptionGroup.swift; sourceTree = "<group>"; };
		OBJ_42 /* CommandConfiguration.swift */ = {isa = PBXFileReference; lastKnownFileType = sourcecode.swift; path = CommandConfiguration.swift; sourceTree = "<group>"; };
		OBJ_43 /* EnumerableFlag.swift */ = {isa = PBXFileReference; lastKnownFileType = sourcecode.swift; path = EnumerableFlag.swift; sourceTree = "<group>"; };
		OBJ_44 /* ExpressibleByArgument.swift */ = {isa = PBXFileReference; lastKnownFileType = sourcecode.swift; path = ExpressibleByArgument.swift; sourceTree = "<group>"; };
		OBJ_45 /* ParsableArguments.swift */ = {isa = PBXFileReference; lastKnownFileType = sourcecode.swift; path = ParsableArguments.swift; sourceTree = "<group>"; };
		OBJ_46 /* ParsableArgumentsValidation.swift */ = {isa = PBXFileReference; lastKnownFileType = sourcecode.swift; path = ParsableArgumentsValidation.swift; sourceTree = "<group>"; };
		OBJ_47 /* ParsableCommand.swift */ = {isa = PBXFileReference; lastKnownFileType = sourcecode.swift; path = ParsableCommand.swift; sourceTree = "<group>"; };
		OBJ_49 /* ArgumentDecoder.swift */ = {isa = PBXFileReference; lastKnownFileType = sourcecode.swift; path = ArgumentDecoder.swift; sourceTree = "<group>"; };
		OBJ_50 /* ArgumentDefinition.swift */ = {isa = PBXFileReference; lastKnownFileType = sourcecode.swift; path = ArgumentDefinition.swift; sourceTree = "<group>"; };
		OBJ_51 /* ArgumentSet.swift */ = {isa = PBXFileReference; lastKnownFileType = sourcecode.swift; path = ArgumentSet.swift; sourceTree = "<group>"; };
		OBJ_52 /* ArgumentSetSequence.swift */ = {isa = PBXFileReference; lastKnownFileType = sourcecode.swift; path = ArgumentSetSequence.swift; sourceTree = "<group>"; };
		OBJ_53 /* CommandParser.swift */ = {isa = PBXFileReference; lastKnownFileType = sourcecode.swift; path = CommandParser.swift; sourceTree = "<group>"; };
		OBJ_54 /* InputOrigin.swift */ = {isa = PBXFileReference; lastKnownFileType = sourcecode.swift; path = InputOrigin.swift; sourceTree = "<group>"; };
		OBJ_55 /* Name.swift */ = {isa = PBXFileReference; lastKnownFileType = sourcecode.swift; path = Name.swift; sourceTree = "<group>"; };
		OBJ_56 /* Parsed.swift */ = {isa = PBXFileReference; lastKnownFileType = sourcecode.swift; path = Parsed.swift; sourceTree = "<group>"; };
		OBJ_57 /* ParsedValues.swift */ = {isa = PBXFileReference; lastKnownFileType = sourcecode.swift; path = ParsedValues.swift; sourceTree = "<group>"; };
		OBJ_58 /* ParserError.swift */ = {isa = PBXFileReference; lastKnownFileType = sourcecode.swift; path = ParserError.swift; sourceTree = "<group>"; };
		OBJ_59 /* SplitArguments.swift */ = {isa = PBXFileReference; lastKnownFileType = sourcecode.swift; path = SplitArguments.swift; sourceTree = "<group>"; };
		OBJ_6 /* Package.swift */ = {isa = PBXFileReference; explicitFileType = sourcecode.swift; path = Package.swift; sourceTree = "<group>"; };
		OBJ_61 /* HelpCommand.swift */ = {isa = PBXFileReference; lastKnownFileType = sourcecode.swift; path = HelpCommand.swift; sourceTree = "<group>"; };
		OBJ_62 /* HelpGenerator.swift */ = {isa = PBXFileReference; lastKnownFileType = sourcecode.swift; path = HelpGenerator.swift; sourceTree = "<group>"; };
		OBJ_63 /* MessageInfo.swift */ = {isa = PBXFileReference; lastKnownFileType = sourcecode.swift; path = MessageInfo.swift; sourceTree = "<group>"; };
		OBJ_64 /* UsageGenerator.swift */ = {isa = PBXFileReference; lastKnownFileType = sourcecode.swift; path = UsageGenerator.swift; sourceTree = "<group>"; };
		OBJ_66 /* SequenceExtensions.swift */ = {isa = PBXFileReference; lastKnownFileType = sourcecode.swift; path = SequenceExtensions.swift; sourceTree = "<group>"; };
		OBJ_67 /* StringExtensions.swift */ = {isa = PBXFileReference; lastKnownFileType = sourcecode.swift; path = StringExtensions.swift; sourceTree = "<group>"; };
		OBJ_68 /* Tree.swift */ = {isa = PBXFileReference; lastKnownFileType = sourcecode.swift; path = Tree.swift; sourceTree = "<group>"; };
		OBJ_69 /* Package.swift */ = {isa = PBXFileReference; explicitFileType = sourcecode.swift; name = Package.swift; path = "/Users/shifu/code/whodunnit/.build/checkouts/swift-argument-parser/Package.swift"; sourceTree = "<group>"; };
		OBJ_77 /* output */ = {isa = PBXFileReference; lastKnownFileType = folder; path = output; sourceTree = SOURCE_ROOT; };
		OBJ_78 /* examples */ = {isa = PBXFileReference; lastKnownFileType = folder; path = examples; sourceTree = SOURCE_ROOT; };
		OBJ_79 /* scripts */ = {isa = PBXFileReference; lastKnownFileType = folder; path = scripts; sourceTree = SOURCE_ROOT; };
		OBJ_9 /* BreakdownParser.swift */ = {isa = PBXFileReference; lastKnownFileType = sourcecode.swift; path = BreakdownParser.swift; sourceTree = "<group>"; };
		"Whodunnit::WhoBreakdown::Product" /* WhoBreakdown */ = {isa = PBXFileReference; lastKnownFileType = text; path = WhoBreakdown; sourceTree = BUILT_PRODUCTS_DIR; };
		"Whodunnit::WhoFilesMain::Product" /* WhoFilesMain */ = {isa = PBXFileReference; lastKnownFileType = text; path = WhoFilesMain; sourceTree = BUILT_PRODUCTS_DIR; };
		"Whodunnit::WhodunnitLib::Product" /* WhodunnitLib.framework */ = {isa = PBXFileReference; lastKnownFileType = wrapper.framework; path = WhodunnitLib.framework; sourceTree = BUILT_PRODUCTS_DIR; };
		"Whodunnit::WhodunnitMain::Product" /* WhodunnitMain */ = {isa = PBXFileReference; lastKnownFileType = text; path = WhodunnitMain; sourceTree = BUILT_PRODUCTS_DIR; };
		"Whodunnit::WhodunnitTests::Product" /* WhodunnitTests.xctest */ = {isa = PBXFileReference; lastKnownFileType = file; path = WhodunnitTests.xctest; sourceTree = BUILT_PRODUCTS_DIR; };
		"swift-argument-parser::ArgumentParser::Product" /* ArgumentParser.framework */ = {isa = PBXFileReference; lastKnownFileType = wrapper.framework; path = ArgumentParser.framework; sourceTree = BUILT_PRODUCTS_DIR; };
/* End PBXFileReference section */

/* Begin PBXFrameworksBuildPhase section */
		OBJ_120 /* Frameworks */ = {
			isa = PBXFrameworksBuildPhase;
			buildActionMask = 0;
			files = (
			);
			runOnlyForDeploymentPostprocessing = 0;
		};
		OBJ_129 /* Frameworks */ = {
			isa = PBXFrameworksBuildPhase;
			buildActionMask = 0;
			files = (
				OBJ_130 /* ArgumentParser.framework in Frameworks */,
				OBJ_131 /* WhodunnitLib.framework in Frameworks */,
			);
			runOnlyForDeploymentPostprocessing = 0;
		};
		OBJ_147 /* Frameworks */ = {
			isa = PBXFrameworksBuildPhase;
			buildActionMask = 0;
			files = (
				OBJ_148 /* ArgumentParser.framework in Frameworks */,
				OBJ_149 /* WhodunnitLib.framework in Frameworks */,
			);
			runOnlyForDeploymentPostprocessing = 0;
		};
		OBJ_165 /* Frameworks */ = {
			isa = PBXFrameworksBuildPhase;
			buildActionMask = 0;
			files = (
			);
			runOnlyForDeploymentPostprocessing = 0;
		};
		OBJ_172 /* Frameworks */ = {
			isa = PBXFrameworksBuildPhase;
			buildActionMask = 0;
			files = (
				OBJ_173 /* ArgumentParser.framework in Frameworks */,
				OBJ_174 /* WhodunnitLib.framework in Frameworks */,
			);
			runOnlyForDeploymentPostprocessing = 0;
		};
		OBJ_194 /* Frameworks */ = {
			isa = PBXFrameworksBuildPhase;
			buildActionMask = 0;
			files = (
				OBJ_195 /* WhodunnitLib.framework in Frameworks */,
			);
			runOnlyForDeploymentPostprocessing = 0;
		};
/* End PBXFrameworksBuildPhase section */

/* Begin PBXGroup section */
		OBJ_12 /* WhoFilesMain */ = {
			isa = PBXGroup;
			children = (
				OBJ_13 /* ArgParser.swift */,
				OBJ_14 /* main.swift */,
			);
			name = WhoFilesMain;
			path = Sources/WhoFilesMain;
			sourceTree = SOURCE_ROOT;
		};
		OBJ_15 /* WhodunnitLib */ = {
			isa = PBXGroup;
			children = (
				OBJ_16 /* Exec.swift */,
				OBJ_17 /* FileFilter.swift */,
				OBJ_18 /* LineSummary.swift */,
			);
			name = WhodunnitLib;
			path = Sources/Whodunnit;
			sourceTree = SOURCE_ROOT;
		};
		OBJ_19 /* WhodunnitMain */ = {
			isa = PBXGroup;
			children = (
				OBJ_20 /* BlamerParser.swift */,
				OBJ_21 /* main.swift */,
			);
			name = WhodunnitMain;
			path = Sources/WhodunnitMain;
			sourceTree = SOURCE_ROOT;
		};
		OBJ_22 /* Tests */ = {
			isa = PBXGroup;
			children = (
				OBJ_23 /* WhodunnitTests */,
			);
			name = Tests;
			sourceTree = SOURCE_ROOT;
		};
		OBJ_23 /* WhodunnitTests */ = {
			isa = PBXGroup;
			children = (
				OBJ_24 /* FileFilterTests.swift */,
				11753DB524E5BE8F00ECF8E4 /* LineSummaryTests.swift */,
			);
			name = WhodunnitTests;
			path = Tests/WhodunnitTests;
			sourceTree = SOURCE_ROOT;
		};
		OBJ_25 /* Dependencies */ = {
			isa = PBXGroup;
			children = (
				OBJ_26 /* swift-argument-parser 0.2.2 */,
			);
			name = Dependencies;
			sourceTree = "<group>";
		};
		OBJ_26 /* swift-argument-parser 0.2.2 */ = {
			isa = PBXGroup;
			children = (
				OBJ_27 /* ArgumentParser */,
				OBJ_69 /* Package.swift */,
			);
			name = "swift-argument-parser 0.2.2";
			sourceTree = SOURCE_ROOT;
		};
		OBJ_27 /* ArgumentParser */ = {
			isa = PBXGroup;
			children = (
				OBJ_28 /* Completions */,
				OBJ_32 /* Parsable Properties */,
				OBJ_41 /* Parsable Types */,
				OBJ_48 /* Parsing */,
				OBJ_60 /* Usage */,
				OBJ_65 /* Utilities */,
			);
			name = ArgumentParser;
			path = ".build/checkouts/swift-argument-parser/Sources/ArgumentParser";
			sourceTree = SOURCE_ROOT;
		};
		OBJ_28 /* Completions */ = {
			isa = PBXGroup;
			children = (
				OBJ_29 /* BashCompletionsGenerator.swift */,
				OBJ_30 /* CompletionsGenerator.swift */,
				OBJ_31 /* ZshCompletionsGenerator.swift */,
			);
			path = Completions;
			sourceTree = "<group>";
		};
		OBJ_32 /* Parsable Properties */ = {
			isa = PBXGroup;
			children = (
				OBJ_33 /* Argument.swift */,
				OBJ_34 /* ArgumentHelp.swift */,
				OBJ_35 /* CompletionKind.swift */,
				OBJ_36 /* Errors.swift */,
				OBJ_37 /* Flag.swift */,
				OBJ_38 /* NameSpecification.swift */,
				OBJ_39 /* Option.swift */,
				OBJ_40 /* OptionGroup.swift */,
			);
			path = "Parsable Properties";
			sourceTree = "<group>";
		};
		OBJ_41 /* Parsable Types */ = {
			isa = PBXGroup;
			children = (
				OBJ_42 /* CommandConfiguration.swift */,
				OBJ_43 /* EnumerableFlag.swift */,
				OBJ_44 /* ExpressibleByArgument.swift */,
				OBJ_45 /* ParsableArguments.swift */,
				OBJ_46 /* ParsableArgumentsValidation.swift */,
				OBJ_47 /* ParsableCommand.swift */,
			);
			path = "Parsable Types";
			sourceTree = "<group>";
		};
		OBJ_48 /* Parsing */ = {
			isa = PBXGroup;
			children = (
				OBJ_49 /* ArgumentDecoder.swift */,
				OBJ_50 /* ArgumentDefinition.swift */,
				OBJ_51 /* ArgumentSet.swift */,
				OBJ_52 /* ArgumentSetSequence.swift */,
				OBJ_53 /* CommandParser.swift */,
				OBJ_54 /* InputOrigin.swift */,
				OBJ_55 /* Name.swift */,
				OBJ_56 /* Parsed.swift */,
				OBJ_57 /* ParsedValues.swift */,
				OBJ_58 /* ParserError.swift */,
				OBJ_59 /* SplitArguments.swift */,
			);
			path = Parsing;
			sourceTree = "<group>";
		};
		OBJ_5 /*  */ = {
			isa = PBXGroup;
			children = (
				OBJ_6 /* Package.swift */,
				OBJ_7 /* Sources */,
				OBJ_22 /* Tests */,
				OBJ_25 /* Dependencies */,
				OBJ_70 /* Products */,
				OBJ_77 /* output */,
				OBJ_78 /* examples */,
				OBJ_79 /* scripts */,
			);
			name = "";
			sourceTree = "<group>";
		};
		OBJ_60 /* Usage */ = {
			isa = PBXGroup;
			children = (
				OBJ_61 /* HelpCommand.swift */,
				OBJ_62 /* HelpGenerator.swift */,
				OBJ_63 /* MessageInfo.swift */,
				OBJ_64 /* UsageGenerator.swift */,
			);
			path = Usage;
			sourceTree = "<group>";
		};
		OBJ_65 /* Utilities */ = {
			isa = PBXGroup;
			children = (
				OBJ_66 /* SequenceExtensions.swift */,
				OBJ_67 /* StringExtensions.swift */,
				OBJ_68 /* Tree.swift */,
			);
			path = Utilities;
			sourceTree = "<group>";
		};
		OBJ_7 /* Sources */ = {
			isa = PBXGroup;
			children = (
				OBJ_8 /* WhoBreakdown */,
				OBJ_12 /* WhoFilesMain */,
				OBJ_15 /* WhodunnitLib */,
				OBJ_19 /* WhodunnitMain */,
			);
			name = Sources;
			sourceTree = SOURCE_ROOT;
		};
		OBJ_70 /* Products */ = {
			isa = PBXGroup;
			children = (
				"Whodunnit::WhodunnitLib::Product" /* WhodunnitLib.framework */,
				"Whodunnit::WhodunnitMain::Product" /* WhodunnitMain */,
				"swift-argument-parser::ArgumentParser::Product" /* ArgumentParser.framework */,
				"Whodunnit::WhoFilesMain::Product" /* WhoFilesMain */,
				"Whodunnit::WhoBreakdown::Product" /* WhoBreakdown */,
				"Whodunnit::WhodunnitTests::Product" /* WhodunnitTests.xctest */,
			);
			name = Products;
			sourceTree = BUILT_PRODUCTS_DIR;
		};
		OBJ_8 /* WhoBreakdown */ = {
			isa = PBXGroup;
			children = (
				OBJ_9 /* BreakdownParser.swift */,
				OBJ_10 /* main.swift */,
				OBJ_11 /* x.swift */,
			);
			name = WhoBreakdown;
			path = Sources/WhoBreakdown;
			sourceTree = SOURCE_ROOT;
		};
/* End PBXGroup section */

/* Begin PBXNativeTarget section */
		"Whodunnit::SwiftPMPackageDescription" /* WhodunnitPackageDescription */ = {
			isa = PBXNativeTarget;
			buildConfigurationList = OBJ_178 /* Build configuration list for PBXNativeTarget "WhodunnitPackageDescription" */;
			buildPhases = (
				OBJ_181 /* Sources */,
			);
			buildRules = (
			);
			dependencies = (
			);
			name = WhodunnitPackageDescription;
			productName = WhodunnitPackageDescription;
			productType = "com.apple.product-type.framework";
		};
		"Whodunnit::WhoBreakdown" /* WhoBreakdown */ = {
			isa = PBXNativeTarget;
			buildConfigurationList = OBJ_122 /* Build configuration list for PBXNativeTarget "WhoBreakdown" */;
			buildPhases = (
				OBJ_125 /* Sources */,
				OBJ_129 /* Frameworks */,
			);
			buildRules = (
			);
			dependencies = (
				OBJ_132 /* PBXTargetDependency */,
				OBJ_133 /* PBXTargetDependency */,
			);
			name = WhoBreakdown;
			productName = WhoBreakdown;
			productReference = "Whodunnit::WhoBreakdown::Product" /* WhoBreakdown */;
			productType = "com.apple.product-type.tool";
		};
		"Whodunnit::WhoFilesMain" /* WhoFilesMain */ = {
			isa = PBXNativeTarget;
			buildConfigurationList = OBJ_141 /* Build configuration list for PBXNativeTarget "WhoFilesMain" */;
			buildPhases = (
				OBJ_144 /* Sources */,
				OBJ_147 /* Frameworks */,
			);
			buildRules = (
			);
			dependencies = (
				OBJ_150 /* PBXTargetDependency */,
				OBJ_151 /* PBXTargetDependency */,
			);
			name = WhoFilesMain;
			productName = WhoFilesMain;
			productReference = "Whodunnit::WhoFilesMain::Product" /* WhoFilesMain */;
			productType = "com.apple.product-type.tool";
		};
		"Whodunnit::WhodunnitLib" /* WhodunnitLib */ = {
			isa = PBXNativeTarget;
			buildConfigurationList = OBJ_158 /* Build configuration list for PBXNativeTarget "WhodunnitLib" */;
			buildPhases = (
				OBJ_161 /* Sources */,
				OBJ_165 /* Frameworks */,
			);
			buildRules = (
			);
			dependencies = (
			);
			name = WhodunnitLib;
			productName = WhodunnitLib;
			productReference = "Whodunnit::WhodunnitLib::Product" /* WhodunnitLib.framework */;
			productType = "com.apple.product-type.framework";
		};
		"Whodunnit::WhodunnitMain" /* WhodunnitMain */ = {
			isa = PBXNativeTarget;
			buildConfigurationList = OBJ_166 /* Build configuration list for PBXNativeTarget "WhodunnitMain" */;
			buildPhases = (
				OBJ_169 /* Sources */,
				OBJ_172 /* Frameworks */,
			);
			buildRules = (
			);
			dependencies = (
				OBJ_175 /* PBXTargetDependency */,
				OBJ_176 /* PBXTargetDependency */,
			);
			name = WhodunnitMain;
			productName = WhodunnitMain;
			productReference = "Whodunnit::WhodunnitMain::Product" /* WhodunnitMain */;
			productType = "com.apple.product-type.tool";
		};
		"Whodunnit::WhodunnitTests" /* WhodunnitTests */ = {
			isa = PBXNativeTarget;
			buildConfigurationList = OBJ_189 /* Build configuration list for PBXNativeTarget "WhodunnitTests" */;
			buildPhases = (
				OBJ_192 /* Sources */,
				OBJ_194 /* Frameworks */,
			);
			buildRules = (
			);
			dependencies = (
				OBJ_196 /* PBXTargetDependency */,
			);
			name = WhodunnitTests;
			productName = WhodunnitTests;
			productReference = "Whodunnit::WhodunnitTests::Product" /* WhodunnitTests.xctest */;
			productType = "com.apple.product-type.bundle.unit-test";
		};
		"swift-argument-parser::ArgumentParser" /* ArgumentParser */ = {
			isa = PBXNativeTarget;
			buildConfigurationList = OBJ_81 /* Build configuration list for PBXNativeTarget "ArgumentParser" */;
			buildPhases = (
				OBJ_84 /* Sources */,
				OBJ_120 /* Frameworks */,
			);
			buildRules = (
			);
			dependencies = (
			);
			name = ArgumentParser;
			productName = ArgumentParser;
			productReference = "swift-argument-parser::ArgumentParser::Product" /* ArgumentParser.framework */;
			productType = "com.apple.product-type.framework";
		};
		"swift-argument-parser::SwiftPMPackageDescription" /* swift-argument-parserPackageDescription */ = {
			isa = PBXNativeTarget;
			buildConfigurationList = OBJ_198 /* Build configuration list for PBXNativeTarget "swift-argument-parserPackageDescription" */;
			buildPhases = (
				OBJ_201 /* Sources */,
			);
			buildRules = (
			);
			dependencies = (
			);
			name = "swift-argument-parserPackageDescription";
			productName = "swift-argument-parserPackageDescription";
			productType = "com.apple.product-type.framework";
		};
/* End PBXNativeTarget section */

/* Begin PBXProject section */
		OBJ_1 /* Project object */ = {
			isa = PBXProject;
			attributes = {
				LastSwiftMigration = 9999;
				LastUpgradeCheck = 9999;
			};
			buildConfigurationList = OBJ_2 /* Build configuration list for PBXProject "Whodunnit" */;
			compatibilityVersion = "Xcode 3.2";
			developmentRegion = en;
			hasScannedForEncodings = 0;
			knownRegions = (
				en,
			);
			mainGroup = OBJ_5 /*  */;
			productRefGroup = OBJ_70 /* Products */;
			projectDirPath = "";
			projectRoot = "";
			targets = (
				"swift-argument-parser::ArgumentParser" /* ArgumentParser */,
				"Whodunnit::WhoBreakdown" /* WhoBreakdown */,
				"Whodunnit::WhoFiles::ProductTarget" /* WhoFiles */,
				"Whodunnit::WhoFilesMain" /* WhoFilesMain */,
				"Whodunnit::Whodunnit::ProductTarget" /* Whodunnit */,
				"Whodunnit::WhodunnitLib" /* WhodunnitLib */,
				"Whodunnit::WhodunnitMain" /* WhodunnitMain */,
				"Whodunnit::SwiftPMPackageDescription" /* WhodunnitPackageDescription */,
				"Whodunnit::WhodunnitPackageTests::ProductTarget" /* WhodunnitPackageTests */,
				"Whodunnit::WhodunnitTests" /* WhodunnitTests */,
				"swift-argument-parser::SwiftPMPackageDescription" /* swift-argument-parserPackageDescription */,
			);
		};
/* End PBXProject section */

/* Begin PBXSourcesBuildPhase section */
		OBJ_125 /* Sources */ = {
			isa = PBXSourcesBuildPhase;
			buildActionMask = 0;
			files = (
				OBJ_126 /* BreakdownParser.swift in Sources */,
				OBJ_127 /* main.swift in Sources */,
				OBJ_128 /* x.swift in Sources */,
			);
			runOnlyForDeploymentPostprocessing = 0;
		};
		OBJ_144 /* Sources */ = {
			isa = PBXSourcesBuildPhase;
			buildActionMask = 0;
			files = (
				OBJ_145 /* ArgParser.swift in Sources */,
				OBJ_146 /* main.swift in Sources */,
			);
			runOnlyForDeploymentPostprocessing = 0;
		};
		OBJ_161 /* Sources */ = {
			isa = PBXSourcesBuildPhase;
			buildActionMask = 0;
			files = (
				OBJ_162 /* Exec.swift in Sources */,
				OBJ_163 /* FileFilter.swift in Sources */,
				OBJ_164 /* LineSummary.swift in Sources */,
			);
			runOnlyForDeploymentPostprocessing = 0;
		};
		OBJ_169 /* Sources */ = {
			isa = PBXSourcesBuildPhase;
			buildActionMask = 0;
			files = (
				OBJ_170 /* BlamerParser.swift in Sources */,
				OBJ_171 /* main.swift in Sources */,
			);
			runOnlyForDeploymentPostprocessing = 0;
		};
		OBJ_181 /* Sources */ = {
			isa = PBXSourcesBuildPhase;
			buildActionMask = 0;
			files = (
				OBJ_182 /* Package.swift in Sources */,
			);
			runOnlyForDeploymentPostprocessing = 0;
		};
		OBJ_192 /* Sources */ = {
			isa = PBXSourcesBuildPhase;
			buildActionMask = 0;
			files = (
				11753DB624E5BE8F00ECF8E4 /* LineSummaryTests.swift in Sources */,
				OBJ_193 /* FileFilterTests.swift in Sources */,
			);
			runOnlyForDeploymentPostprocessing = 0;
		};
		OBJ_201 /* Sources */ = {
			isa = PBXSourcesBuildPhase;
			buildActionMask = 0;
			files = (
				OBJ_202 /* Package.swift in Sources */,
			);
			runOnlyForDeploymentPostprocessing = 0;
		};
		OBJ_84 /* Sources */ = {
			isa = PBXSourcesBuildPhase;
			buildActionMask = 0;
			files = (
				OBJ_85 /* BashCompletionsGenerator.swift in Sources */,
				OBJ_86 /* CompletionsGenerator.swift in Sources */,
				OBJ_87 /* ZshCompletionsGenerator.swift in Sources */,
				OBJ_88 /* Argument.swift in Sources */,
				OBJ_89 /* ArgumentHelp.swift in Sources */,
				OBJ_90 /* CompletionKind.swift in Sources */,
				OBJ_91 /* Errors.swift in Sources */,
				OBJ_92 /* Flag.swift in Sources */,
				OBJ_93 /* NameSpecification.swift in Sources */,
				OBJ_94 /* Option.swift in Sources */,
				OBJ_95 /* OptionGroup.swift in Sources */,
				OBJ_96 /* CommandConfiguration.swift in Sources */,
				OBJ_97 /* EnumerableFlag.swift in Sources */,
				OBJ_98 /* ExpressibleByArgument.swift in Sources */,
				OBJ_99 /* ParsableArguments.swift in Sources */,
				OBJ_100 /* ParsableArgumentsValidation.swift in Sources */,
				OBJ_101 /* ParsableCommand.swift in Sources */,
				OBJ_102 /* ArgumentDecoder.swift in Sources */,
				OBJ_103 /* ArgumentDefinition.swift in Sources */,
				OBJ_104 /* ArgumentSet.swift in Sources */,
				OBJ_105 /* ArgumentSetSequence.swift in Sources */,
				OBJ_106 /* CommandParser.swift in Sources */,
				OBJ_107 /* InputOrigin.swift in Sources */,
				OBJ_108 /* Name.swift in Sources */,
				OBJ_109 /* Parsed.swift in Sources */,
				OBJ_110 /* ParsedValues.swift in Sources */,
				OBJ_111 /* ParserError.swift in Sources */,
				OBJ_112 /* SplitArguments.swift in Sources */,
				OBJ_113 /* HelpCommand.swift in Sources */,
				OBJ_114 /* HelpGenerator.swift in Sources */,
				OBJ_115 /* MessageInfo.swift in Sources */,
				OBJ_116 /* UsageGenerator.swift in Sources */,
				OBJ_117 /* SequenceExtensions.swift in Sources */,
				OBJ_118 /* StringExtensions.swift in Sources */,
				OBJ_119 /* Tree.swift in Sources */,
			);
			runOnlyForDeploymentPostprocessing = 0;
		};
/* End PBXSourcesBuildPhase section */

/* Begin PBXTargetDependency section */
		OBJ_132 /* PBXTargetDependency */ = {
			isa = PBXTargetDependency;
			target = "swift-argument-parser::ArgumentParser" /* ArgumentParser */;
			targetProxy = 11753DAD24E5BE7500ECF8E4 /* PBXContainerItemProxy */;
		};
		OBJ_133 /* PBXTargetDependency */ = {
			isa = PBXTargetDependency;
			target = "Whodunnit::WhodunnitLib" /* WhodunnitLib */;
			targetProxy = 11753DAE24E5BE7500ECF8E4 /* PBXContainerItemProxy */;
		};
		OBJ_139 /* PBXTargetDependency */ = {
			isa = PBXTargetDependency;
			target = "Whodunnit::WhoFilesMain" /* WhoFilesMain */;
			targetProxy = 11753DB224E5BE7700ECF8E4 /* PBXContainerItemProxy */;
		};
		OBJ_150 /* PBXTargetDependency */ = {
			isa = PBXTargetDependency;
			target = "swift-argument-parser::ArgumentParser" /* ArgumentParser */;
			targetProxy = 11753DAF24E5BE7500ECF8E4 /* PBXContainerItemProxy */;
		};
		OBJ_151 /* PBXTargetDependency */ = {
			isa = PBXTargetDependency;
			target = "Whodunnit::WhodunnitLib" /* WhodunnitLib */;
			targetProxy = 11753DB024E5BE7500ECF8E4 /* PBXContainerItemProxy */;
		};
		OBJ_156 /* PBXTargetDependency */ = {
			isa = PBXTargetDependency;
			target = "Whodunnit::WhodunnitMain" /* WhodunnitMain */;
			targetProxy = 11753DB324E5BE7700ECF8E4 /* PBXContainerItemProxy */;
		};
		OBJ_175 /* PBXTargetDependency */ = {
			isa = PBXTargetDependency;
			target = "swift-argument-parser::ArgumentParser" /* ArgumentParser */;
			targetProxy = 11753DAB24E5BE7500ECF8E4 /* PBXContainerItemProxy */;
		};
		OBJ_176 /* PBXTargetDependency */ = {
			isa = PBXTargetDependency;
			target = "Whodunnit::WhodunnitLib" /* WhodunnitLib */;
			targetProxy = 11753DAC24E5BE7500ECF8E4 /* PBXContainerItemProxy */;
		};
		OBJ_187 /* PBXTargetDependency */ = {
			isa = PBXTargetDependency;
			target = "Whodunnit::WhodunnitTests" /* WhodunnitTests */;
			targetProxy = 11753DB424E5BE7700ECF8E4 /* PBXContainerItemProxy */;
		};
		OBJ_196 /* PBXTargetDependency */ = {
			isa = PBXTargetDependency;
			target = "Whodunnit::WhodunnitLib" /* WhodunnitLib */;
			targetProxy = 11753DB124E5BE7600ECF8E4 /* PBXContainerItemProxy */;
		};
/* End PBXTargetDependency section */

/* Begin XCBuildConfiguration section */
		OBJ_123 /* Debug */ = {
			isa = XCBuildConfiguration;
			buildSettings = {
				FRAMEWORK_SEARCH_PATHS = (
					"$(inherited)",
					"$(PLATFORM_DIR)/Developer/Library/Frameworks",
				);
				HEADER_SEARCH_PATHS = "$(inherited)";
				INFOPLIST_FILE = Whodunnit.xcodeproj/WhoBreakdown_Info.plist;
				IPHONEOS_DEPLOYMENT_TARGET = 8.0;
				LD_RUNPATH_SEARCH_PATHS = "$(inherited) $(TOOLCHAIN_DIR)/usr/lib/swift/macosx @executable_path";
				MACOSX_DEPLOYMENT_TARGET = 10.15;
				OTHER_CFLAGS = "$(inherited)";
				OTHER_LDFLAGS = "$(inherited)";
				OTHER_SWIFT_FLAGS = "$(inherited)";
				SWIFT_ACTIVE_COMPILATION_CONDITIONS = "$(inherited)";
				SWIFT_FORCE_DYNAMIC_LINK_STDLIB = YES;
				SWIFT_FORCE_STATIC_LINK_STDLIB = NO;
				SWIFT_VERSION = 5.0;
				TARGET_NAME = WhoBreakdown;
				TVOS_DEPLOYMENT_TARGET = 9.0;
				WATCHOS_DEPLOYMENT_TARGET = 2.0;
			};
			name = Debug;
		};
		OBJ_124 /* Release */ = {
			isa = XCBuildConfiguration;
			buildSettings = {
				FRAMEWORK_SEARCH_PATHS = (
					"$(inherited)",
					"$(PLATFORM_DIR)/Developer/Library/Frameworks",
				);
				HEADER_SEARCH_PATHS = "$(inherited)";
				INFOPLIST_FILE = Whodunnit.xcodeproj/WhoBreakdown_Info.plist;
				IPHONEOS_DEPLOYMENT_TARGET = 8.0;
				LD_RUNPATH_SEARCH_PATHS = "$(inherited) $(TOOLCHAIN_DIR)/usr/lib/swift/macosx @executable_path";
				MACOSX_DEPLOYMENT_TARGET = 10.15;
				OTHER_CFLAGS = "$(inherited)";
				OTHER_LDFLAGS = "$(inherited)";
				OTHER_SWIFT_FLAGS = "$(inherited)";
				SWIFT_ACTIVE_COMPILATION_CONDITIONS = "$(inherited)";
				SWIFT_FORCE_DYNAMIC_LINK_STDLIB = YES;
				SWIFT_FORCE_STATIC_LINK_STDLIB = NO;
				SWIFT_VERSION = 5.0;
				TARGET_NAME = WhoBreakdown;
				TVOS_DEPLOYMENT_TARGET = 9.0;
				WATCHOS_DEPLOYMENT_TARGET = 2.0;
			};
			name = Release;
		};
		OBJ_137 /* Debug */ = {
			isa = XCBuildConfiguration;
			buildSettings = {
			};
			name = Debug;
		};
		OBJ_138 /* Release */ = {
			isa = XCBuildConfiguration;
			buildSettings = {
			};
			name = Release;
		};
		OBJ_142 /* Debug */ = {
			isa = XCBuildConfiguration;
			buildSettings = {
				FRAMEWORK_SEARCH_PATHS = (
					"$(inherited)",
					"$(PLATFORM_DIR)/Developer/Library/Frameworks",
				);
				HEADER_SEARCH_PATHS = "$(inherited)";
				INFOPLIST_FILE = Whodunnit.xcodeproj/WhoFilesMain_Info.plist;
				IPHONEOS_DEPLOYMENT_TARGET = 8.0;
				LD_RUNPATH_SEARCH_PATHS = "$(inherited) $(TOOLCHAIN_DIR)/usr/lib/swift/macosx @executable_path";
				MACOSX_DEPLOYMENT_TARGET = 10.15;
				OTHER_CFLAGS = "$(inherited)";
				OTHER_LDFLAGS = "$(inherited)";
				OTHER_SWIFT_FLAGS = "$(inherited)";
				SWIFT_ACTIVE_COMPILATION_CONDITIONS = "$(inherited)";
				SWIFT_FORCE_DYNAMIC_LINK_STDLIB = YES;
				SWIFT_FORCE_STATIC_LINK_STDLIB = NO;
				SWIFT_VERSION = 5.0;
				TARGET_NAME = WhoFilesMain;
				TVOS_DEPLOYMENT_TARGET = 9.0;
				WATCHOS_DEPLOYMENT_TARGET = 2.0;
			};
			name = Debug;
		};
		OBJ_143 /* Release */ = {
			isa = XCBuildConfiguration;
			buildSettings = {
				FRAMEWORK_SEARCH_PATHS = (
					"$(inherited)",
					"$(PLATFORM_DIR)/Developer/Library/Frameworks",
				);
				HEADER_SEARCH_PATHS = "$(inherited)";
				INFOPLIST_FILE = Whodunnit.xcodeproj/WhoFilesMain_Info.plist;
				IPHONEOS_DEPLOYMENT_TARGET = 8.0;
				LD_RUNPATH_SEARCH_PATHS = "$(inherited) $(TOOLCHAIN_DIR)/usr/lib/swift/macosx @executable_path";
				MACOSX_DEPLOYMENT_TARGET = 10.15;
				OTHER_CFLAGS = "$(inherited)";
				OTHER_LDFLAGS = "$(inherited)";
				OTHER_SWIFT_FLAGS = "$(inherited)";
				SWIFT_ACTIVE_COMPILATION_CONDITIONS = "$(inherited)";
				SWIFT_FORCE_DYNAMIC_LINK_STDLIB = YES;
				SWIFT_FORCE_STATIC_LINK_STDLIB = NO;
				SWIFT_VERSION = 5.0;
				TARGET_NAME = WhoFilesMain;
				TVOS_DEPLOYMENT_TARGET = 9.0;
				WATCHOS_DEPLOYMENT_TARGET = 2.0;
			};
			name = Release;
		};
		OBJ_154 /* Debug */ = {
			isa = XCBuildConfiguration;
			buildSettings = {
			};
			name = Debug;
		};
		OBJ_155 /* Release */ = {
			isa = XCBuildConfiguration;
			buildSettings = {
			};
			name = Release;
		};
		OBJ_159 /* Debug */ = {
			isa = XCBuildConfiguration;
			buildSettings = {
				ENABLE_TESTABILITY = YES;
				FRAMEWORK_SEARCH_PATHS = (
					"$(inherited)",
					"$(PLATFORM_DIR)/Developer/Library/Frameworks",
				);
				HEADER_SEARCH_PATHS = "$(inherited)";
				INFOPLIST_FILE = Whodunnit.xcodeproj/WhodunnitLib_Info.plist;
				IPHONEOS_DEPLOYMENT_TARGET = 8.0;
				LD_RUNPATH_SEARCH_PATHS = "$(inherited) $(TOOLCHAIN_DIR)/usr/lib/swift/macosx";
				MACOSX_DEPLOYMENT_TARGET = 10.15;
				OTHER_CFLAGS = "$(inherited)";
				OTHER_LDFLAGS = "$(inherited)";
				OTHER_SWIFT_FLAGS = "$(inherited)";
				PRODUCT_BUNDLE_IDENTIFIER = WhodunnitLib;
				PRODUCT_MODULE_NAME = "$(TARGET_NAME:c99extidentifier)";
				PRODUCT_NAME = "$(TARGET_NAME:c99extidentifier)";
				SKIP_INSTALL = YES;
				SWIFT_ACTIVE_COMPILATION_CONDITIONS = "$(inherited)";
				SWIFT_VERSION = 5.0;
				TARGET_NAME = WhodunnitLib;
				TVOS_DEPLOYMENT_TARGET = 9.0;
				WATCHOS_DEPLOYMENT_TARGET = 2.0;
			};
			name = Debug;
		};
		OBJ_160 /* Release */ = {
			isa = XCBuildConfiguration;
			buildSettings = {
				ENABLE_TESTABILITY = YES;
				FRAMEWORK_SEARCH_PATHS = (
					"$(inherited)",
					"$(PLATFORM_DIR)/Developer/Library/Frameworks",
				);
				HEADER_SEARCH_PATHS = "$(inherited)";
				INFOPLIST_FILE = Whodunnit.xcodeproj/WhodunnitLib_Info.plist;
				IPHONEOS_DEPLOYMENT_TARGET = 8.0;
				LD_RUNPATH_SEARCH_PATHS = "$(inherited) $(TOOLCHAIN_DIR)/usr/lib/swift/macosx";
				MACOSX_DEPLOYMENT_TARGET = 10.15;
				OTHER_CFLAGS = "$(inherited)";
				OTHER_LDFLAGS = "$(inherited)";
				OTHER_SWIFT_FLAGS = "$(inherited)";
				PRODUCT_BUNDLE_IDENTIFIER = WhodunnitLib;
				PRODUCT_MODULE_NAME = "$(TARGET_NAME:c99extidentifier)";
				PRODUCT_NAME = "$(TARGET_NAME:c99extidentifier)";
				SKIP_INSTALL = YES;
				SWIFT_ACTIVE_COMPILATION_CONDITIONS = "$(inherited)";
				SWIFT_VERSION = 5.0;
				TARGET_NAME = WhodunnitLib;
				TVOS_DEPLOYMENT_TARGET = 9.0;
				WATCHOS_DEPLOYMENT_TARGET = 2.0;
			};
			name = Release;
		};
		OBJ_167 /* Debug */ = {
			isa = XCBuildConfiguration;
			buildSettings = {
				FRAMEWORK_SEARCH_PATHS = (
					"$(inherited)",
					"$(PLATFORM_DIR)/Developer/Library/Frameworks",
				);
				HEADER_SEARCH_PATHS = "$(inherited)";
				INFOPLIST_FILE = Whodunnit.xcodeproj/WhodunnitMain_Info.plist;
				IPHONEOS_DEPLOYMENT_TARGET = 8.0;
				LD_RUNPATH_SEARCH_PATHS = "$(inherited) $(TOOLCHAIN_DIR)/usr/lib/swift/macosx @executable_path";
				MACOSX_DEPLOYMENT_TARGET = 10.15;
				OTHER_CFLAGS = "$(inherited)";
				OTHER_LDFLAGS = "$(inherited)";
				OTHER_SWIFT_FLAGS = "$(inherited)";
				SWIFT_ACTIVE_COMPILATION_CONDITIONS = "$(inherited)";
				SWIFT_FORCE_DYNAMIC_LINK_STDLIB = YES;
				SWIFT_FORCE_STATIC_LINK_STDLIB = NO;
				SWIFT_VERSION = 5.0;
				TARGET_NAME = WhodunnitMain;
				TVOS_DEPLOYMENT_TARGET = 9.0;
				WATCHOS_DEPLOYMENT_TARGET = 2.0;
			};
			name = Debug;
		};
		OBJ_168 /* Release */ = {
			isa = XCBuildConfiguration;
			buildSettings = {
				FRAMEWORK_SEARCH_PATHS = (
					"$(inherited)",
					"$(PLATFORM_DIR)/Developer/Library/Frameworks",
				);
				HEADER_SEARCH_PATHS = "$(inherited)";
				INFOPLIST_FILE = Whodunnit.xcodeproj/WhodunnitMain_Info.plist;
				IPHONEOS_DEPLOYMENT_TARGET = 8.0;
				LD_RUNPATH_SEARCH_PATHS = "$(inherited) $(TOOLCHAIN_DIR)/usr/lib/swift/macosx @executable_path";
				MACOSX_DEPLOYMENT_TARGET = 10.15;
				OTHER_CFLAGS = "$(inherited)";
				OTHER_LDFLAGS = "$(inherited)";
				OTHER_SWIFT_FLAGS = "$(inherited)";
				SWIFT_ACTIVE_COMPILATION_CONDITIONS = "$(inherited)";
				SWIFT_FORCE_DYNAMIC_LINK_STDLIB = YES;
				SWIFT_FORCE_STATIC_LINK_STDLIB = NO;
				SWIFT_VERSION = 5.0;
				TARGET_NAME = WhodunnitMain;
				TVOS_DEPLOYMENT_TARGET = 9.0;
				WATCHOS_DEPLOYMENT_TARGET = 2.0;
			};
			name = Release;
		};
		OBJ_179 /* Debug */ = {
			isa = XCBuildConfiguration;
			buildSettings = {
				LD = /usr/bin/true;
				OTHER_SWIFT_FLAGS = "-swift-version 5 -I $(TOOLCHAIN_DIR)/usr/lib/swift/pm/4_2 -target x86_64-apple-macosx10.10 -sdk /Applications/Xcode.app/Contents/Developer/Platforms/MacOSX.platform/Developer/SDKs/MacOSX10.15.sdk -package-description-version 5.1.0";
				SWIFT_VERSION = 5.0;
			};
			name = Debug;
		};
		OBJ_180 /* Release */ = {
			isa = XCBuildConfiguration;
			buildSettings = {
				LD = /usr/bin/true;
				OTHER_SWIFT_FLAGS = "-swift-version 5 -I $(TOOLCHAIN_DIR)/usr/lib/swift/pm/4_2 -target x86_64-apple-macosx10.10 -sdk /Applications/Xcode.app/Contents/Developer/Platforms/MacOSX.platform/Developer/SDKs/MacOSX10.15.sdk -package-description-version 5.1.0";
				SWIFT_VERSION = 5.0;
			};
			name = Release;
		};
		OBJ_185 /* Debug */ = {
			isa = XCBuildConfiguration;
			buildSettings = {
			};
			name = Debug;
		};
		OBJ_186 /* Release */ = {
			isa = XCBuildConfiguration;
			buildSettings = {
			};
			name = Release;
		};
		OBJ_190 /* Debug */ = {
			isa = XCBuildConfiguration;
			buildSettings = {
				CLANG_ENABLE_MODULES = YES;
				EMBEDDED_CONTENT_CONTAINS_SWIFT = YES;
				FRAMEWORK_SEARCH_PATHS = (
					"$(inherited)",
					"$(PLATFORM_DIR)/Developer/Library/Frameworks",
				);
				HEADER_SEARCH_PATHS = "$(inherited)";
				INFOPLIST_FILE = Whodunnit.xcodeproj/WhodunnitTests_Info.plist;
				IPHONEOS_DEPLOYMENT_TARGET = 8.0;
				LD_RUNPATH_SEARCH_PATHS = "$(inherited) @loader_path/../Frameworks @loader_path/Frameworks";
				MACOSX_DEPLOYMENT_TARGET = 10.15;
				OTHER_CFLAGS = "$(inherited)";
				OTHER_LDFLAGS = "$(inherited)";
				OTHER_SWIFT_FLAGS = "$(inherited)";
				SWIFT_ACTIVE_COMPILATION_CONDITIONS = "$(inherited)";
				SWIFT_VERSION = 5.0;
				TARGET_NAME = WhodunnitTests;
				TVOS_DEPLOYMENT_TARGET = 9.0;
				WATCHOS_DEPLOYMENT_TARGET = 2.0;
			};
			name = Debug;
		};
		OBJ_191 /* Release */ = {
			isa = XCBuildConfiguration;
			buildSettings = {
				CLANG_ENABLE_MODULES = YES;
				EMBEDDED_CONTENT_CONTAINS_SWIFT = YES;
				FRAMEWORK_SEARCH_PATHS = (
					"$(inherited)",
					"$(PLATFORM_DIR)/Developer/Library/Frameworks",
				);
				HEADER_SEARCH_PATHS = "$(inherited)";
				INFOPLIST_FILE = Whodunnit.xcodeproj/WhodunnitTests_Info.plist;
				IPHONEOS_DEPLOYMENT_TARGET = 8.0;
				LD_RUNPATH_SEARCH_PATHS = "$(inherited) @loader_path/../Frameworks @loader_path/Frameworks";
				MACOSX_DEPLOYMENT_TARGET = 10.15;
				OTHER_CFLAGS = "$(inherited)";
				OTHER_LDFLAGS = "$(inherited)";
				OTHER_SWIFT_FLAGS = "$(inherited)";
				SWIFT_ACTIVE_COMPILATION_CONDITIONS = "$(inherited)";
				SWIFT_VERSION = 5.0;
				TARGET_NAME = WhodunnitTests;
				TVOS_DEPLOYMENT_TARGET = 9.0;
				WATCHOS_DEPLOYMENT_TARGET = 2.0;
			};
			name = Release;
		};
		OBJ_199 /* Debug */ = {
			isa = XCBuildConfiguration;
			buildSettings = {
				LD = /usr/bin/true;
				OTHER_SWIFT_FLAGS = "-swift-version 5 -I $(TOOLCHAIN_DIR)/usr/lib/swift/pm/4_2 -target x86_64-apple-macosx10.10 -sdk /Applications/Xcode.app/Contents/Developer/Platforms/MacOSX.platform/Developer/SDKs/MacOSX10.15.sdk -package-description-version 5.2.0";
				SWIFT_VERSION = 5.0;
			};
			name = Debug;
		};
		OBJ_200 /* Release */ = {
			isa = XCBuildConfiguration;
			buildSettings = {
				LD = /usr/bin/true;
				OTHER_SWIFT_FLAGS = "-swift-version 5 -I $(TOOLCHAIN_DIR)/usr/lib/swift/pm/4_2 -target x86_64-apple-macosx10.10 -sdk /Applications/Xcode.app/Contents/Developer/Platforms/MacOSX.platform/Developer/SDKs/MacOSX10.15.sdk -package-description-version 5.2.0";
				SWIFT_VERSION = 5.0;
			};
			name = Release;
		};
		OBJ_3 /* Debug */ = {
			isa = XCBuildConfiguration;
			buildSettings = {
				CLANG_ENABLE_OBJC_ARC = YES;
				COMBINE_HIDPI_IMAGES = YES;
				COPY_PHASE_STRIP = NO;
				DEBUG_INFORMATION_FORMAT = dwarf;
				DYLIB_INSTALL_NAME_BASE = "@rpath";
				ENABLE_NS_ASSERTIONS = YES;
				GCC_OPTIMIZATION_LEVEL = 0;
				GCC_PREPROCESSOR_DEFINITIONS = (
					"$(inherited)",
					"SWIFT_PACKAGE=1",
					"DEBUG=1",
				);
				MACOSX_DEPLOYMENT_TARGET = 10.10;
				ONLY_ACTIVE_ARCH = YES;
				OTHER_SWIFT_FLAGS = "$(inherited) -DXcode";
				PRODUCT_NAME = "$(TARGET_NAME)";
				SDKROOT = macosx;
				SUPPORTED_PLATFORMS = "macosx iphoneos iphonesimulator appletvos appletvsimulator watchos watchsimulator";
				SWIFT_ACTIVE_COMPILATION_CONDITIONS = "$(inherited) SWIFT_PACKAGE DEBUG";
				SWIFT_OPTIMIZATION_LEVEL = "-Onone";
				USE_HEADERMAP = NO;
			};
			name = Debug;
		};
		OBJ_4 /* Release */ = {
			isa = XCBuildConfiguration;
			buildSettings = {
				CLANG_ENABLE_OBJC_ARC = YES;
				COMBINE_HIDPI_IMAGES = YES;
				COPY_PHASE_STRIP = YES;
				DEBUG_INFORMATION_FORMAT = "dwarf-with-dsym";
				DYLIB_INSTALL_NAME_BASE = "@rpath";
				GCC_OPTIMIZATION_LEVEL = s;
				GCC_PREPROCESSOR_DEFINITIONS = (
					"$(inherited)",
					"SWIFT_PACKAGE=1",
				);
				MACOSX_DEPLOYMENT_TARGET = 10.10;
				OTHER_SWIFT_FLAGS = "$(inherited) -DXcode";
				PRODUCT_NAME = "$(TARGET_NAME)";
				SDKROOT = macosx;
				SUPPORTED_PLATFORMS = "macosx iphoneos iphonesimulator appletvos appletvsimulator watchos watchsimulator";
				SWIFT_ACTIVE_COMPILATION_CONDITIONS = "$(inherited) SWIFT_PACKAGE";
				SWIFT_OPTIMIZATION_LEVEL = "-Owholemodule";
				USE_HEADERMAP = NO;
			};
			name = Release;
		};
		OBJ_82 /* Debug */ = {
			isa = XCBuildConfiguration;
			buildSettings = {
				ENABLE_TESTABILITY = YES;
				FRAMEWORK_SEARCH_PATHS = (
					"$(inherited)",
					"$(PLATFORM_DIR)/Developer/Library/Frameworks",
				);
				HEADER_SEARCH_PATHS = "$(inherited)";
				INFOPLIST_FILE = Whodunnit.xcodeproj/ArgumentParser_Info.plist;
				IPHONEOS_DEPLOYMENT_TARGET = 8.0;
				LD_RUNPATH_SEARCH_PATHS = "$(inherited) $(TOOLCHAIN_DIR)/usr/lib/swift/macosx";
				MACOSX_DEPLOYMENT_TARGET = 10.10;
				OTHER_CFLAGS = "$(inherited)";
				OTHER_LDFLAGS = "$(inherited)";
				OTHER_SWIFT_FLAGS = "$(inherited)";
				PRODUCT_BUNDLE_IDENTIFIER = ArgumentParser;
				PRODUCT_MODULE_NAME = "$(TARGET_NAME:c99extidentifier)";
				PRODUCT_NAME = "$(TARGET_NAME:c99extidentifier)";
				SKIP_INSTALL = YES;
				SWIFT_ACTIVE_COMPILATION_CONDITIONS = "$(inherited)";
				SWIFT_VERSION = 5.0;
				TARGET_NAME = ArgumentParser;
				TVOS_DEPLOYMENT_TARGET = 9.0;
				WATCHOS_DEPLOYMENT_TARGET = 2.0;
			};
			name = Debug;
		};
		OBJ_83 /* Release */ = {
			isa = XCBuildConfiguration;
			buildSettings = {
				ENABLE_TESTABILITY = YES;
				FRAMEWORK_SEARCH_PATHS = (
					"$(inherited)",
					"$(PLATFORM_DIR)/Developer/Library/Frameworks",
				);
				HEADER_SEARCH_PATHS = "$(inherited)";
				INFOPLIST_FILE = Whodunnit.xcodeproj/ArgumentParser_Info.plist;
				IPHONEOS_DEPLOYMENT_TARGET = 8.0;
				LD_RUNPATH_SEARCH_PATHS = "$(inherited) $(TOOLCHAIN_DIR)/usr/lib/swift/macosx";
				MACOSX_DEPLOYMENT_TARGET = 10.10;
				OTHER_CFLAGS = "$(inherited)";
				OTHER_LDFLAGS = "$(inherited)";
				OTHER_SWIFT_FLAGS = "$(inherited)";
				PRODUCT_BUNDLE_IDENTIFIER = ArgumentParser;
				PRODUCT_MODULE_NAME = "$(TARGET_NAME:c99extidentifier)";
				PRODUCT_NAME = "$(TARGET_NAME:c99extidentifier)";
				SKIP_INSTALL = YES;
				SWIFT_ACTIVE_COMPILATION_CONDITIONS = "$(inherited)";
				SWIFT_VERSION = 5.0;
				TARGET_NAME = ArgumentParser;
				TVOS_DEPLOYMENT_TARGET = 9.0;
				WATCHOS_DEPLOYMENT_TARGET = 2.0;
			};
			name = Release;
		};
/* End XCBuildConfiguration section */

/* Begin XCConfigurationList section */
		OBJ_122 /* Build configuration list for PBXNativeTarget "WhoBreakdown" */ = {
			isa = XCConfigurationList;
			buildConfigurations = (
				OBJ_123 /* Debug */,
				OBJ_124 /* Release */,
			);
			defaultConfigurationIsVisible = 0;
			defaultConfigurationName = Release;
		};
		OBJ_136 /* Build configuration list for PBXAggregateTarget "WhoFiles" */ = {
			isa = XCConfigurationList;
			buildConfigurations = (
				OBJ_137 /* Debug */,
				OBJ_138 /* Release */,
			);
			defaultConfigurationIsVisible = 0;
			defaultConfigurationName = Release;
		};
		OBJ_141 /* Build configuration list for PBXNativeTarget "WhoFilesMain" */ = {
			isa = XCConfigurationList;
			buildConfigurations = (
				OBJ_142 /* Debug */,
				OBJ_143 /* Release */,
			);
			defaultConfigurationIsVisible = 0;
			defaultConfigurationName = Release;
		};
		OBJ_153 /* Build configuration list for PBXAggregateTarget "Whodunnit" */ = {
			isa = XCConfigurationList;
			buildConfigurations = (
				OBJ_154 /* Debug */,
				OBJ_155 /* Release */,
			);
			defaultConfigurationIsVisible = 0;
			defaultConfigurationName = Release;
		};
		OBJ_158 /* Build configuration list for PBXNativeTarget "WhodunnitLib" */ = {
			isa = XCConfigurationList;
			buildConfigurations = (
				OBJ_159 /* Debug */,
				OBJ_160 /* Release */,
			);
			defaultConfigurationIsVisible = 0;
			defaultConfigurationName = Release;
		};
		OBJ_166 /* Build configuration list for PBXNativeTarget "WhodunnitMain" */ = {
			isa = XCConfigurationList;
			buildConfigurations = (
				OBJ_167 /* Debug */,
				OBJ_168 /* Release */,
			);
			defaultConfigurationIsVisible = 0;
			defaultConfigurationName = Release;
		};
		OBJ_178 /* Build configuration list for PBXNativeTarget "WhodunnitPackageDescription" */ = {
			isa = XCConfigurationList;
			buildConfigurations = (
				OBJ_179 /* Debug */,
				OBJ_180 /* Release */,
			);
			defaultConfigurationIsVisible = 0;
			defaultConfigurationName = Release;
		};
		OBJ_184 /* Build configuration list for PBXAggregateTarget "WhodunnitPackageTests" */ = {
			isa = XCConfigurationList;
			buildConfigurations = (
				OBJ_185 /* Debug */,
				OBJ_186 /* Release */,
			);
			defaultConfigurationIsVisible = 0;
			defaultConfigurationName = Release;
		};
		OBJ_189 /* Build configuration list for PBXNativeTarget "WhodunnitTests" */ = {
			isa = XCConfigurationList;
			buildConfigurations = (
				OBJ_190 /* Debug */,
				OBJ_191 /* Release */,
			);
			defaultConfigurationIsVisible = 0;
			defaultConfigurationName = Release;
		};
		OBJ_198 /* Build configuration list for PBXNativeTarget "swift-argument-parserPackageDescription" */ = {
			isa = XCConfigurationList;
			buildConfigurations = (
				OBJ_199 /* Debug */,
				OBJ_200 /* Release */,
			);
			defaultConfigurationIsVisible = 0;
			defaultConfigurationName = Release;
		};
		OBJ_2 /* Build configuration list for PBXProject "Whodunnit" */ = {
			isa = XCConfigurationList;
			buildConfigurations = (
				OBJ_3 /* Debug */,
				OBJ_4 /* Release */,
			);
			defaultConfigurationIsVisible = 0;
			defaultConfigurationName = Release;
		};
		OBJ_81 /* Build configuration list for PBXNativeTarget "ArgumentParser" */ = {
			isa = XCConfigurationList;
			buildConfigurations = (
				OBJ_82 /* Debug */,
				OBJ_83 /* Release */,
			);
			defaultConfigurationIsVisible = 0;
			defaultConfigurationName = Release;
		};
/* End XCConfigurationList section */
	};
	rootObject = OBJ_1 /* Project object */;
}
